
Microsoft Visual Studio Solution File, Format Version 12.00
# Visual Studio 15
VisualStudioVersion = 15.0.26403.7
MinimumVisualStudioVersion = 10.0.40219.1
Project("{9A19103F-16F7-4668-BE54-9A1E7A4F7556}") = "KEYAKI-Suite.web", "KEYAKI-Suite.web\KEYAKI-Suite.web.csproj", "{42D938A4-64D7-4ECD-B3CE-5C4BC40E2816}"
EndProject
Project("{FAE04EC0-301F-11D3-BF4B-00C04F79EFBC}") = "KEYAKI_Suite.Droid", "KEYAKI_Suite\KEYAKI_Suite.Droid\KEYAKI_Suite.Droid.csproj", "{15F6E165-0E54-43F8-8F17-7E9375D831F1}"
EndProject
Project("{FAE04EC0-301F-11D3-BF4B-00C04F79EFBC}") = "KEYAKI_Suite.iOS", "KEYAKI_Suite\KEYAKI_Suite.iOS\KEYAKI_Suite.iOS.csproj", "{58ED63F0-AC18-4607-98C7-2CD78C435B20}"
EndProject
Project("{FAE04EC0-301F-11D3-BF4B-00C04F79EFBC}") = "KEYAKI_Suite.UWP", "KEYAKI_Suite\KEYAKI_Suite.UWP\KEYAKI_Suite.UWP.csproj", "{8FC50D95-5D6A-43DE-BE50-5171EBB04403}"
EndProject
Project("{FAE04EC0-301F-11D3-BF4B-00C04F79EFBC}") = "KEYAKI_Suite", "KEYAKI_Suite\KEYAKI_Suite\KEYAKI_Suite.csproj", "{F7A4C203-1AF3-4D8D-8A91-DF2FED833B39}"
EndProject
Project("{FAE04EC0-301F-11D3-BF4B-00C04F79EFBC}") = "KEYAKI-Suite.define", "KEYAKI_Suite\KEYAKI-Suite\KEYAKI-Suite.define.csproj", "{52498C57-4F42-46DC-A6A3-919DB12D9C58}"
EndProject
Project("{FAE04EC0-301F-11D3-BF4B-00C04F79EFBC}") = "KEYAKI_Suite.License", "KEYAKI_Suite.License\KEYAKI_Suite.License.csproj", "{8955EFC6-FA7D-4171-A804-974AB97C0EE5}"
EndProject
Project("{2150E333-8FDC-42A3-9474-1A3956D46DE8}") = "Services", "Services", "{5137B49D-4423-45FB-8ED5-F36F388C46AB}"
EndProject
Project("{FAE04EC0-301F-11D3-BF4B-00C04F79EFBC}") = "KEYAKI_Suite.YoutubeService.Test", "KEYAKI_Suite.YoutubeService.Test\KEYAKI_Suite.YoutubeService.Test.csproj", "{19C3BB37-AC84-4FA8-8486-B964785632D2}"
EndProject
Project("{FAE04EC0-301F-11D3-BF4B-00C04F79EFBC}") = "KEYAKI_Suite.YoutubeService", "KEYAKI_Suite.YoutubeService.Test\KEYAKI_Suite.YoutubeService\KEYAKI_Suite.YoutubeService.csproj", "{3DE09B8A-772B-4455-A112-89AC3A01B793}"
EndProject
Project("{FAE04EC0-301F-11D3-BF4B-00C04F79EFBC}") = "KEYAKI_Suite.KEYAKINewsService", "KEYAKI_Suite.KEYAKINewsService\KEYAKI_Suite.KEYAKINewsService.csproj", "{67F9D3A8-F71E-4428-913F-C37AE82CDB24}"
EndProject
Project("{FAE04EC0-301F-11D3-BF4B-00C04F79EFBC}") = "KEYAKI_Suite.KEYAKINewsService.Test", "KEYAKI_Suite.KEYAKINewsService.Test\KEYAKI_Suite.KEYAKINewsService.Test.csproj", "{11C6C417-F5CB-41A2-966D-FA4DF0495283}"
EndProject
Project("{FAE04EC0-301F-11D3-BF4B-00C04F79EFBC}") = "KEYAKI_Suite.KEYAKIBlogService", "KEYAKI_Suite.KEYAKIBlogService\KEYAKI_Suite.KEYAKIBlogService.csproj", "{3E7D2D19-F218-4E95-BDBC-1DE91A758EB4}"
EndProject
Project("{FAE04EC0-301F-11D3-BF4B-00C04F79EFBC}") = "KEYAKI_Suite.KEYAKIBlogService.Test", "KEYAKI_Suite.KEYAKIBlogService.Test\KEYAKI_Suite.KEYAKIBlogService.Test.csproj", "{8EDF4429-251A-416D-BB68-93F227191BCF}"
EndProject
Project("{2150E333-8FDC-42A3-9474-1A3956D46DE8}") = "Extension", "Extension", "{1C17F2B2-A596-4585-B241-B33B1092BC13}"
EndProject
Project("{FAE04EC0-301F-11D3-BF4B-00C04F79EFBC}") = "AgilityExtension", "AgilityExtension\AgilityExtension.csproj", "{95D363CC-041C-461F-A4FF-92BDB71E5C15}"
EndProject
Project("{FAE04EC0-301F-11D3-BF4B-00C04F79EFBC}") = "KEYAKI_Suite.MatomeService", "KEYAKI_Suite.MatomeService\KEYAKI_Suite.MatomeService.csproj", "{FEAD2939-2CB8-49C3-B046-3F3F15DD17B0}"
EndProject
Project("{FAE04EC0-301F-11D3-BF4B-00C04F79EFBC}") = "KEYAKI_Suite.MatomeService.Test", "KEYAKI_Suite.MatomeService.Test\KEYAKI_Suite.MatomeService.Test.csproj", "{2E3DF5C2-8A38-4A03-86D7-8D463C917E47}"
EndProject
Global
	GlobalSection(SolutionConfigurationPlatforms) = preSolution
		Ad-Hoc|Any CPU = Ad-Hoc|Any CPU
		Ad-Hoc|ARM = Ad-Hoc|ARM
		Ad-Hoc|iPhone = Ad-Hoc|iPhone
		Ad-Hoc|iPhoneSimulator = Ad-Hoc|iPhoneSimulator
		Ad-Hoc|x64 = Ad-Hoc|x64
		Ad-Hoc|x86 = Ad-Hoc|x86
		AppStore|Any CPU = AppStore|Any CPU
		AppStore|ARM = AppStore|ARM
		AppStore|iPhone = AppStore|iPhone
		AppStore|iPhoneSimulator = AppStore|iPhoneSimulator
		AppStore|x64 = AppStore|x64
		AppStore|x86 = AppStore|x86
		Debug|Any CPU = Debug|Any CPU
		Debug|ARM = Debug|ARM
		Debug|iPhone = Debug|iPhone
		Debug|iPhoneSimulator = Debug|iPhoneSimulator
		Debug|x64 = Debug|x64
		Debug|x86 = Debug|x86
		iOS Release|Any CPU = iOS Release|Any CPU
		iOS Release|ARM = iOS Release|ARM
		iOS Release|iPhone = iOS Release|iPhone
		iOS Release|iPhoneSimulator = iOS Release|iPhoneSimulator
		iOS Release|x64 = iOS Release|x64
		iOS Release|x86 = iOS Release|x86
		Release|Any CPU = Release|Any CPU
		Release|ARM = Release|ARM
		Release|iPhone = Release|iPhone
		Release|iPhoneSimulator = Release|iPhoneSimulator
		Release|x64 = Release|x64
		Release|x86 = Release|x86
	EndGlobalSection
	GlobalSection(ProjectConfigurationPlatforms) = postSolution
		{42D938A4-64D7-4ECD-B3CE-5C4BC40E2816}.Ad-Hoc|Any CPU.ActiveCfg = Release|Any CPU
		{42D938A4-64D7-4ECD-B3CE-5C4BC40E2816}.Ad-Hoc|Any CPU.Build.0 = Release|Any CPU
		{42D938A4-64D7-4ECD-B3CE-5C4BC40E2816}.Ad-Hoc|ARM.ActiveCfg = Release|Any CPU
		{42D938A4-64D7-4ECD-B3CE-5C4BC40E2816}.Ad-Hoc|ARM.Build.0 = Release|Any CPU
		{42D938A4-64D7-4ECD-B3CE-5C4BC40E2816}.Ad-Hoc|iPhone.ActiveCfg = Release|Any CPU
		{42D938A4-64D7-4ECD-B3CE-5C4BC40E2816}.Ad-Hoc|iPhone.Build.0 = Release|Any CPU
		{42D938A4-64D7-4ECD-B3CE-5C4BC40E2816}.Ad-Hoc|iPhoneSimulator.ActiveCfg = Release|Any CPU
		{42D938A4-64D7-4ECD-B3CE-5C4BC40E2816}.Ad-Hoc|iPhoneSimulator.Build.0 = Release|Any CPU
		{42D938A4-64D7-4ECD-B3CE-5C4BC40E2816}.Ad-Hoc|x64.ActiveCfg = Release|Any CPU
		{42D938A4-64D7-4ECD-B3CE-5C4BC40E2816}.Ad-Hoc|x64.Build.0 = Release|Any CPU
		{42D938A4-64D7-4ECD-B3CE-5C4BC40E2816}.Ad-Hoc|x86.ActiveCfg = Release|Any CPU
		{42D938A4-64D7-4ECD-B3CE-5C4BC40E2816}.Ad-Hoc|x86.Build.0 = Release|Any CPU
		{42D938A4-64D7-4ECD-B3CE-5C4BC40E2816}.AppStore|Any CPU.ActiveCfg = Release|Any CPU
		{42D938A4-64D7-4ECD-B3CE-5C4BC40E2816}.AppStore|Any CPU.Build.0 = Release|Any CPU
		{42D938A4-64D7-4ECD-B3CE-5C4BC40E2816}.AppStore|ARM.ActiveCfg = Release|Any CPU
		{42D938A4-64D7-4ECD-B3CE-5C4BC40E2816}.AppStore|ARM.Build.0 = Release|Any CPU
		{42D938A4-64D7-4ECD-B3CE-5C4BC40E2816}.AppStore|iPhone.ActiveCfg = Release|Any CPU
		{42D938A4-64D7-4ECD-B3CE-5C4BC40E2816}.AppStore|iPhone.Build.0 = Release|Any CPU
		{42D938A4-64D7-4ECD-B3CE-5C4BC40E2816}.AppStore|iPhoneSimulator.ActiveCfg = Release|Any CPU
		{42D938A4-64D7-4ECD-B3CE-5C4BC40E2816}.AppStore|iPhoneSimulator.Build.0 = Release|Any CPU
		{42D938A4-64D7-4ECD-B3CE-5C4BC40E2816}.AppStore|x64.ActiveCfg = Release|Any CPU
		{42D938A4-64D7-4ECD-B3CE-5C4BC40E2816}.AppStore|x64.Build.0 = Release|Any CPU
		{42D938A4-64D7-4ECD-B3CE-5C4BC40E2816}.AppStore|x86.ActiveCfg = Release|Any CPU
		{42D938A4-64D7-4ECD-B3CE-5C4BC40E2816}.AppStore|x86.Build.0 = Release|Any CPU
		{42D938A4-64D7-4ECD-B3CE-5C4BC40E2816}.Debug|Any CPU.ActiveCfg = Debug|Any CPU
		{42D938A4-64D7-4ECD-B3CE-5C4BC40E2816}.Debug|Any CPU.Build.0 = Debug|Any CPU
		{42D938A4-64D7-4ECD-B3CE-5C4BC40E2816}.Debug|ARM.ActiveCfg = Debug|Any CPU
		{42D938A4-64D7-4ECD-B3CE-5C4BC40E2816}.Debug|ARM.Build.0 = Debug|Any CPU
		{42D938A4-64D7-4ECD-B3CE-5C4BC40E2816}.Debug|iPhone.ActiveCfg = Debug|Any CPU
		{42D938A4-64D7-4ECD-B3CE-5C4BC40E2816}.Debug|iPhone.Build.0 = Debug|Any CPU
		{42D938A4-64D7-4ECD-B3CE-5C4BC40E2816}.Debug|iPhoneSimulator.ActiveCfg = Debug|Any CPU
		{42D938A4-64D7-4ECD-B3CE-5C4BC40E2816}.Debug|iPhoneSimulator.Build.0 = Debug|Any CPU
		{42D938A4-64D7-4ECD-B3CE-5C4BC40E2816}.Debug|x64.ActiveCfg = Debug|Any CPU
		{42D938A4-64D7-4ECD-B3CE-5C4BC40E2816}.Debug|x64.Build.0 = Debug|Any CPU
		{42D938A4-64D7-4ECD-B3CE-5C4BC40E2816}.Debug|x86.ActiveCfg = Debug|Any CPU
		{42D938A4-64D7-4ECD-B3CE-5C4BC40E2816}.Debug|x86.Build.0 = Debug|Any CPU
		{42D938A4-64D7-4ECD-B3CE-5C4BC40E2816}.iOS Release|Any CPU.ActiveCfg = iOS Release|Any CPU
		{42D938A4-64D7-4ECD-B3CE-5C4BC40E2816}.iOS Release|Any CPU.Build.0 = iOS Release|Any CPU
		{42D938A4-64D7-4ECD-B3CE-5C4BC40E2816}.iOS Release|ARM.ActiveCfg = iOS Release|Any CPU
		{42D938A4-64D7-4ECD-B3CE-5C4BC40E2816}.iOS Release|ARM.Build.0 = iOS Release|Any CPU
		{42D938A4-64D7-4ECD-B3CE-5C4BC40E2816}.iOS Release|iPhone.ActiveCfg = iOS Release|Any CPU
		{42D938A4-64D7-4ECD-B3CE-5C4BC40E2816}.iOS Release|iPhoneSimulator.ActiveCfg = iOS Release|Any CPU
		{42D938A4-64D7-4ECD-B3CE-5C4BC40E2816}.iOS Release|x64.ActiveCfg = iOS Release|Any CPU
		{42D938A4-64D7-4ECD-B3CE-5C4BC40E2816}.iOS Release|x64.Build.0 = iOS Release|Any CPU
		{42D938A4-64D7-4ECD-B3CE-5C4BC40E2816}.iOS Release|x86.ActiveCfg = iOS Release|Any CPU
		{42D938A4-64D7-4ECD-B3CE-5C4BC40E2816}.iOS Release|x86.Build.0 = iOS Release|Any CPU
		{42D938A4-64D7-4ECD-B3CE-5C4BC40E2816}.Release|Any CPU.ActiveCfg = Release|Any CPU
		{42D938A4-64D7-4ECD-B3CE-5C4BC40E2816}.Release|Any CPU.Build.0 = Release|Any CPU
		{42D938A4-64D7-4ECD-B3CE-5C4BC40E2816}.Release|ARM.ActiveCfg = Release|Any CPU
		{42D938A4-64D7-4ECD-B3CE-5C4BC40E2816}.Release|ARM.Build.0 = Release|Any CPU
		{42D938A4-64D7-4ECD-B3CE-5C4BC40E2816}.Release|iPhone.ActiveCfg = Release|Any CPU
		{42D938A4-64D7-4ECD-B3CE-5C4BC40E2816}.Release|iPhone.Build.0 = Release|Any CPU
		{42D938A4-64D7-4ECD-B3CE-5C4BC40E2816}.Release|iPhoneSimulator.ActiveCfg = Release|Any CPU
		{42D938A4-64D7-4ECD-B3CE-5C4BC40E2816}.Release|iPhoneSimulator.Build.0 = Release|Any CPU
		{42D938A4-64D7-4ECD-B3CE-5C4BC40E2816}.Release|x64.ActiveCfg = Release|Any CPU
		{42D938A4-64D7-4ECD-B3CE-5C4BC40E2816}.Release|x64.Build.0 = Release|Any CPU
		{42D938A4-64D7-4ECD-B3CE-5C4BC40E2816}.Release|x86.ActiveCfg = Release|Any CPU
		{42D938A4-64D7-4ECD-B3CE-5C4BC40E2816}.Release|x86.Build.0 = Release|Any CPU
		{15F6E165-0E54-43F8-8F17-7E9375D831F1}.Ad-Hoc|Any CPU.ActiveCfg = Release|Any CPU
		{15F6E165-0E54-43F8-8F17-7E9375D831F1}.Ad-Hoc|Any CPU.Build.0 = Release|Any CPU
		{15F6E165-0E54-43F8-8F17-7E9375D831F1}.Ad-Hoc|Any CPU.Deploy.0 = Release|Any CPU
		{15F6E165-0E54-43F8-8F17-7E9375D831F1}.Ad-Hoc|ARM.ActiveCfg = Release|Any CPU
		{15F6E165-0E54-43F8-8F17-7E9375D831F1}.Ad-Hoc|ARM.Build.0 = Release|Any CPU
		{15F6E165-0E54-43F8-8F17-7E9375D831F1}.Ad-Hoc|ARM.Deploy.0 = Release|Any CPU
		{15F6E165-0E54-43F8-8F17-7E9375D831F1}.Ad-Hoc|iPhone.ActiveCfg = Release|Any CPU
		{15F6E165-0E54-43F8-8F17-7E9375D831F1}.Ad-Hoc|iPhone.Build.0 = Release|Any CPU
		{15F6E165-0E54-43F8-8F17-7E9375D831F1}.Ad-Hoc|iPhone.Deploy.0 = Release|Any CPU
		{15F6E165-0E54-43F8-8F17-7E9375D831F1}.Ad-Hoc|iPhoneSimulator.ActiveCfg = Release|Any CPU
		{15F6E165-0E54-43F8-8F17-7E9375D831F1}.Ad-Hoc|iPhoneSimulator.Build.0 = Release|Any CPU
		{15F6E165-0E54-43F8-8F17-7E9375D831F1}.Ad-Hoc|iPhoneSimulator.Deploy.0 = Release|Any CPU
		{15F6E165-0E54-43F8-8F17-7E9375D831F1}.Ad-Hoc|x64.ActiveCfg = Release|Any CPU
		{15F6E165-0E54-43F8-8F17-7E9375D831F1}.Ad-Hoc|x64.Build.0 = Release|Any CPU
		{15F6E165-0E54-43F8-8F17-7E9375D831F1}.Ad-Hoc|x64.Deploy.0 = Release|Any CPU
		{15F6E165-0E54-43F8-8F17-7E9375D831F1}.Ad-Hoc|x86.ActiveCfg = Release|Any CPU
		{15F6E165-0E54-43F8-8F17-7E9375D831F1}.Ad-Hoc|x86.Build.0 = Release|Any CPU
		{15F6E165-0E54-43F8-8F17-7E9375D831F1}.Ad-Hoc|x86.Deploy.0 = Release|Any CPU
		{15F6E165-0E54-43F8-8F17-7E9375D831F1}.AppStore|Any CPU.ActiveCfg = Release|Any CPU
		{15F6E165-0E54-43F8-8F17-7E9375D831F1}.AppStore|Any CPU.Build.0 = Release|Any CPU
		{15F6E165-0E54-43F8-8F17-7E9375D831F1}.AppStore|Any CPU.Deploy.0 = Release|Any CPU
		{15F6E165-0E54-43F8-8F17-7E9375D831F1}.AppStore|ARM.ActiveCfg = Release|Any CPU
		{15F6E165-0E54-43F8-8F17-7E9375D831F1}.AppStore|ARM.Build.0 = Release|Any CPU
		{15F6E165-0E54-43F8-8F17-7E9375D831F1}.AppStore|ARM.Deploy.0 = Release|Any CPU
		{15F6E165-0E54-43F8-8F17-7E9375D831F1}.AppStore|iPhone.ActiveCfg = Release|Any CPU
		{15F6E165-0E54-43F8-8F17-7E9375D831F1}.AppStore|iPhone.Build.0 = Release|Any CPU
		{15F6E165-0E54-43F8-8F17-7E9375D831F1}.AppStore|iPhone.Deploy.0 = Release|Any CPU
		{15F6E165-0E54-43F8-8F17-7E9375D831F1}.AppStore|iPhoneSimulator.ActiveCfg = Release|Any CPU
		{15F6E165-0E54-43F8-8F17-7E9375D831F1}.AppStore|iPhoneSimulator.Build.0 = Release|Any CPU
		{15F6E165-0E54-43F8-8F17-7E9375D831F1}.AppStore|iPhoneSimulator.Deploy.0 = Release|Any CPU
		{15F6E165-0E54-43F8-8F17-7E9375D831F1}.AppStore|x64.ActiveCfg = Release|Any CPU
		{15F6E165-0E54-43F8-8F17-7E9375D831F1}.AppStore|x64.Build.0 = Release|Any CPU
		{15F6E165-0E54-43F8-8F17-7E9375D831F1}.AppStore|x64.Deploy.0 = Release|Any CPU
		{15F6E165-0E54-43F8-8F17-7E9375D831F1}.AppStore|x86.ActiveCfg = Release|Any CPU
		{15F6E165-0E54-43F8-8F17-7E9375D831F1}.AppStore|x86.Build.0 = Release|Any CPU
		{15F6E165-0E54-43F8-8F17-7E9375D831F1}.AppStore|x86.Deploy.0 = Release|Any CPU
		{15F6E165-0E54-43F8-8F17-7E9375D831F1}.Debug|Any CPU.ActiveCfg = Debug|Any CPU
		{15F6E165-0E54-43F8-8F17-7E9375D831F1}.Debug|Any CPU.Build.0 = Debug|Any CPU
		{15F6E165-0E54-43F8-8F17-7E9375D831F1}.Debug|Any CPU.Deploy.0 = Debug|Any CPU
		{15F6E165-0E54-43F8-8F17-7E9375D831F1}.Debug|ARM.ActiveCfg = Debug|Any CPU
		{15F6E165-0E54-43F8-8F17-7E9375D831F1}.Debug|ARM.Build.0 = Debug|Any CPU
		{15F6E165-0E54-43F8-8F17-7E9375D831F1}.Debug|ARM.Deploy.0 = Debug|Any CPU
		{15F6E165-0E54-43F8-8F17-7E9375D831F1}.Debug|iPhone.ActiveCfg = Debug|Any CPU
		{15F6E165-0E54-43F8-8F17-7E9375D831F1}.Debug|iPhone.Build.0 = Debug|Any CPU
		{15F6E165-0E54-43F8-8F17-7E9375D831F1}.Debug|iPhone.Deploy.0 = Debug|Any CPU
		{15F6E165-0E54-43F8-8F17-7E9375D831F1}.Debug|iPhoneSimulator.ActiveCfg = Debug|Any CPU
		{15F6E165-0E54-43F8-8F17-7E9375D831F1}.Debug|iPhoneSimulator.Build.0 = Debug|Any CPU
		{15F6E165-0E54-43F8-8F17-7E9375D831F1}.Debug|iPhoneSimulator.Deploy.0 = Debug|Any CPU
		{15F6E165-0E54-43F8-8F17-7E9375D831F1}.Debug|x64.ActiveCfg = Debug|Any CPU
		{15F6E165-0E54-43F8-8F17-7E9375D831F1}.Debug|x64.Build.0 = Debug|Any CPU
		{15F6E165-0E54-43F8-8F17-7E9375D831F1}.Debug|x64.Deploy.0 = Debug|Any CPU
		{15F6E165-0E54-43F8-8F17-7E9375D831F1}.Debug|x86.ActiveCfg = Debug|Any CPU
		{15F6E165-0E54-43F8-8F17-7E9375D831F1}.Debug|x86.Build.0 = Debug|Any CPU
		{15F6E165-0E54-43F8-8F17-7E9375D831F1}.Debug|x86.Deploy.0 = Debug|Any CPU
		{15F6E165-0E54-43F8-8F17-7E9375D831F1}.iOS Release|Any CPU.ActiveCfg = iOS Release|Any CPU
		{15F6E165-0E54-43F8-8F17-7E9375D831F1}.iOS Release|Any CPU.Build.0 = iOS Release|Any CPU
		{15F6E165-0E54-43F8-8F17-7E9375D831F1}.iOS Release|Any CPU.Deploy.0 = iOS Release|Any CPU
		{15F6E165-0E54-43F8-8F17-7E9375D831F1}.iOS Release|ARM.ActiveCfg = iOS Release|Any CPU
		{15F6E165-0E54-43F8-8F17-7E9375D831F1}.iOS Release|ARM.Build.0 = iOS Release|Any CPU
		{15F6E165-0E54-43F8-8F17-7E9375D831F1}.iOS Release|ARM.Deploy.0 = iOS Release|Any CPU
		{15F6E165-0E54-43F8-8F17-7E9375D831F1}.iOS Release|iPhone.ActiveCfg = iOS Release|Any CPU
		{15F6E165-0E54-43F8-8F17-7E9375D831F1}.iOS Release|iPhoneSimulator.ActiveCfg = iOS Release|Any CPU
		{15F6E165-0E54-43F8-8F17-7E9375D831F1}.iOS Release|x64.ActiveCfg = iOS Release|Any CPU
		{15F6E165-0E54-43F8-8F17-7E9375D831F1}.iOS Release|x64.Build.0 = iOS Release|Any CPU
		{15F6E165-0E54-43F8-8F17-7E9375D831F1}.iOS Release|x64.Deploy.0 = iOS Release|Any CPU
		{15F6E165-0E54-43F8-8F17-7E9375D831F1}.iOS Release|x86.ActiveCfg = iOS Release|Any CPU
		{15F6E165-0E54-43F8-8F17-7E9375D831F1}.iOS Release|x86.Build.0 = iOS Release|Any CPU
		{15F6E165-0E54-43F8-8F17-7E9375D831F1}.iOS Release|x86.Deploy.0 = iOS Release|Any CPU
		{15F6E165-0E54-43F8-8F17-7E9375D831F1}.Release|Any CPU.ActiveCfg = Release|Any CPU
		{15F6E165-0E54-43F8-8F17-7E9375D831F1}.Release|Any CPU.Build.0 = Release|Any CPU
		{15F6E165-0E54-43F8-8F17-7E9375D831F1}.Release|Any CPU.Deploy.0 = Release|Any CPU
		{15F6E165-0E54-43F8-8F17-7E9375D831F1}.Release|ARM.ActiveCfg = Release|Any CPU
		{15F6E165-0E54-43F8-8F17-7E9375D831F1}.Release|ARM.Build.0 = Release|Any CPU
		{15F6E165-0E54-43F8-8F17-7E9375D831F1}.Release|ARM.Deploy.0 = Release|Any CPU
		{15F6E165-0E54-43F8-8F17-7E9375D831F1}.Release|iPhone.ActiveCfg = Release|Any CPU
		{15F6E165-0E54-43F8-8F17-7E9375D831F1}.Release|iPhone.Build.0 = Release|Any CPU
		{15F6E165-0E54-43F8-8F17-7E9375D831F1}.Release|iPhone.Deploy.0 = Release|Any CPU
		{15F6E165-0E54-43F8-8F17-7E9375D831F1}.Release|iPhoneSimulator.ActiveCfg = Release|Any CPU
		{15F6E165-0E54-43F8-8F17-7E9375D831F1}.Release|iPhoneSimulator.Build.0 = Release|Any CPU
		{15F6E165-0E54-43F8-8F17-7E9375D831F1}.Release|iPhoneSimulator.Deploy.0 = Release|Any CPU
		{15F6E165-0E54-43F8-8F17-7E9375D831F1}.Release|x64.ActiveCfg = Release|Any CPU
		{15F6E165-0E54-43F8-8F17-7E9375D831F1}.Release|x64.Build.0 = Release|Any CPU
		{15F6E165-0E54-43F8-8F17-7E9375D831F1}.Release|x64.Deploy.0 = Release|Any CPU
		{15F6E165-0E54-43F8-8F17-7E9375D831F1}.Release|x86.ActiveCfg = Release|Any CPU
		{15F6E165-0E54-43F8-8F17-7E9375D831F1}.Release|x86.Build.0 = Release|Any CPU
		{15F6E165-0E54-43F8-8F17-7E9375D831F1}.Release|x86.Deploy.0 = Release|Any CPU
		{58ED63F0-AC18-4607-98C7-2CD78C435B20}.Ad-Hoc|Any CPU.ActiveCfg = Ad-Hoc|iPhone
		{58ED63F0-AC18-4607-98C7-2CD78C435B20}.Ad-Hoc|ARM.ActiveCfg = Ad-Hoc|iPhone
		{58ED63F0-AC18-4607-98C7-2CD78C435B20}.Ad-Hoc|iPhone.ActiveCfg = Ad-Hoc|iPhone
		{58ED63F0-AC18-4607-98C7-2CD78C435B20}.Ad-Hoc|iPhone.Build.0 = Ad-Hoc|iPhone
		{58ED63F0-AC18-4607-98C7-2CD78C435B20}.Ad-Hoc|iPhoneSimulator.ActiveCfg = Ad-Hoc|iPhoneSimulator
		{58ED63F0-AC18-4607-98C7-2CD78C435B20}.Ad-Hoc|iPhoneSimulator.Build.0 = Ad-Hoc|iPhoneSimulator
		{58ED63F0-AC18-4607-98C7-2CD78C435B20}.Ad-Hoc|x64.ActiveCfg = Ad-Hoc|iPhone
		{58ED63F0-AC18-4607-98C7-2CD78C435B20}.Ad-Hoc|x86.ActiveCfg = Ad-Hoc|iPhone
		{58ED63F0-AC18-4607-98C7-2CD78C435B20}.AppStore|Any CPU.ActiveCfg = AppStore|iPhone
		{58ED63F0-AC18-4607-98C7-2CD78C435B20}.AppStore|ARM.ActiveCfg = AppStore|iPhone
		{58ED63F0-AC18-4607-98C7-2CD78C435B20}.AppStore|iPhone.ActiveCfg = AppStore|iPhone
		{58ED63F0-AC18-4607-98C7-2CD78C435B20}.AppStore|iPhone.Build.0 = AppStore|iPhone
		{58ED63F0-AC18-4607-98C7-2CD78C435B20}.AppStore|iPhoneSimulator.ActiveCfg = AppStore|iPhoneSimulator
		{58ED63F0-AC18-4607-98C7-2CD78C435B20}.AppStore|iPhoneSimulator.Build.0 = AppStore|iPhoneSimulator
		{58ED63F0-AC18-4607-98C7-2CD78C435B20}.AppStore|x64.ActiveCfg = AppStore|iPhone
		{58ED63F0-AC18-4607-98C7-2CD78C435B20}.AppStore|x86.ActiveCfg = AppStore|iPhone
		{58ED63F0-AC18-4607-98C7-2CD78C435B20}.Debug|Any CPU.ActiveCfg = Debug|iPhone
		{58ED63F0-AC18-4607-98C7-2CD78C435B20}.Debug|ARM.ActiveCfg = Debug|iPhone
		{58ED63F0-AC18-4607-98C7-2CD78C435B20}.Debug|iPhone.ActiveCfg = Debug|iPhone
		{58ED63F0-AC18-4607-98C7-2CD78C435B20}.Debug|iPhone.Build.0 = Debug|iPhone
		{58ED63F0-AC18-4607-98C7-2CD78C435B20}.Debug|iPhoneSimulator.ActiveCfg = Debug|iPhoneSimulator
		{58ED63F0-AC18-4607-98C7-2CD78C435B20}.Debug|iPhoneSimulator.Build.0 = Debug|iPhoneSimulator
		{58ED63F0-AC18-4607-98C7-2CD78C435B20}.Debug|x64.ActiveCfg = Debug|iPhone
		{58ED63F0-AC18-4607-98C7-2CD78C435B20}.Debug|x86.ActiveCfg = Debug|iPhone
		{58ED63F0-AC18-4607-98C7-2CD78C435B20}.iOS Release|Any CPU.ActiveCfg = iOS Release|iPhone
		{58ED63F0-AC18-4607-98C7-2CD78C435B20}.iOS Release|ARM.ActiveCfg = iOS Release|iPhone
		{58ED63F0-AC18-4607-98C7-2CD78C435B20}.iOS Release|iPhone.ActiveCfg = iOS Release|iPhone
		{58ED63F0-AC18-4607-98C7-2CD78C435B20}.iOS Release|iPhone.Build.0 = iOS Release|iPhone
		{58ED63F0-AC18-4607-98C7-2CD78C435B20}.iOS Release|iPhoneSimulator.ActiveCfg = iOS Release|iPhoneSimulator
		{58ED63F0-AC18-4607-98C7-2CD78C435B20}.iOS Release|iPhoneSimulator.Build.0 = iOS Release|iPhoneSimulator
		{58ED63F0-AC18-4607-98C7-2CD78C435B20}.iOS Release|x64.ActiveCfg = iOS Release|iPhone
		{58ED63F0-AC18-4607-98C7-2CD78C435B20}.iOS Release|x86.ActiveCfg = iOS Release|iPhone
		{58ED63F0-AC18-4607-98C7-2CD78C435B20}.Release|Any CPU.ActiveCfg = Release|iPhone
		{58ED63F0-AC18-4607-98C7-2CD78C435B20}.Release|ARM.ActiveCfg = Release|iPhone
		{58ED63F0-AC18-4607-98C7-2CD78C435B20}.Release|iPhone.ActiveCfg = Release|iPhone
		{58ED63F0-AC18-4607-98C7-2CD78C435B20}.Release|iPhone.Build.0 = Release|iPhone
		{58ED63F0-AC18-4607-98C7-2CD78C435B20}.Release|iPhoneSimulator.ActiveCfg = Release|iPhoneSimulator
		{58ED63F0-AC18-4607-98C7-2CD78C435B20}.Release|iPhoneSimulator.Build.0 = Release|iPhoneSimulator
		{58ED63F0-AC18-4607-98C7-2CD78C435B20}.Release|x64.ActiveCfg = Release|iPhone
		{58ED63F0-AC18-4607-98C7-2CD78C435B20}.Release|x86.ActiveCfg = Release|iPhone
		{8FC50D95-5D6A-43DE-BE50-5171EBB04403}.Ad-Hoc|Any CPU.ActiveCfg = Release|x86
		{8FC50D95-5D6A-43DE-BE50-5171EBB04403}.Ad-Hoc|Any CPU.Build.0 = Release|x86
		{8FC50D95-5D6A-43DE-BE50-5171EBB04403}.Ad-Hoc|Any CPU.Deploy.0 = Release|x86
		{8FC50D95-5D6A-43DE-BE50-5171EBB04403}.Ad-Hoc|ARM.ActiveCfg = Release|ARM
		{8FC50D95-5D6A-43DE-BE50-5171EBB04403}.Ad-Hoc|ARM.Build.0 = Release|ARM
		{8FC50D95-5D6A-43DE-BE50-5171EBB04403}.Ad-Hoc|ARM.Deploy.0 = Release|ARM
		{8FC50D95-5D6A-43DE-BE50-5171EBB04403}.Ad-Hoc|iPhone.ActiveCfg = Release|x86
		{8FC50D95-5D6A-43DE-BE50-5171EBB04403}.Ad-Hoc|iPhone.Build.0 = Release|x86
		{8FC50D95-5D6A-43DE-BE50-5171EBB04403}.Ad-Hoc|iPhone.Deploy.0 = Release|x86
		{8FC50D95-5D6A-43DE-BE50-5171EBB04403}.Ad-Hoc|iPhoneSimulator.ActiveCfg = Release|x86
		{8FC50D95-5D6A-43DE-BE50-5171EBB04403}.Ad-Hoc|iPhoneSimulator.Build.0 = Release|x86
		{8FC50D95-5D6A-43DE-BE50-5171EBB04403}.Ad-Hoc|iPhoneSimulator.Deploy.0 = Release|x86
		{8FC50D95-5D6A-43DE-BE50-5171EBB04403}.Ad-Hoc|x64.ActiveCfg = Release|x64
		{8FC50D95-5D6A-43DE-BE50-5171EBB04403}.Ad-Hoc|x64.Build.0 = Release|x64
		{8FC50D95-5D6A-43DE-BE50-5171EBB04403}.Ad-Hoc|x64.Deploy.0 = Release|x64
		{8FC50D95-5D6A-43DE-BE50-5171EBB04403}.Ad-Hoc|x86.ActiveCfg = Release|x86
		{8FC50D95-5D6A-43DE-BE50-5171EBB04403}.Ad-Hoc|x86.Build.0 = Release|x86
		{8FC50D95-5D6A-43DE-BE50-5171EBB04403}.Ad-Hoc|x86.Deploy.0 = Release|x86
		{8FC50D95-5D6A-43DE-BE50-5171EBB04403}.AppStore|Any CPU.ActiveCfg = Release|x86
		{8FC50D95-5D6A-43DE-BE50-5171EBB04403}.AppStore|Any CPU.Build.0 = Release|x86
		{8FC50D95-5D6A-43DE-BE50-5171EBB04403}.AppStore|Any CPU.Deploy.0 = Release|x86
		{8FC50D95-5D6A-43DE-BE50-5171EBB04403}.AppStore|ARM.ActiveCfg = Release|ARM
		{8FC50D95-5D6A-43DE-BE50-5171EBB04403}.AppStore|ARM.Build.0 = Release|ARM
		{8FC50D95-5D6A-43DE-BE50-5171EBB04403}.AppStore|ARM.Deploy.0 = Release|ARM
		{8FC50D95-5D6A-43DE-BE50-5171EBB04403}.AppStore|iPhone.ActiveCfg = Release|x86
		{8FC50D95-5D6A-43DE-BE50-5171EBB04403}.AppStore|iPhone.Build.0 = Release|x86
		{8FC50D95-5D6A-43DE-BE50-5171EBB04403}.AppStore|iPhone.Deploy.0 = Release|x86
		{8FC50D95-5D6A-43DE-BE50-5171EBB04403}.AppStore|iPhoneSimulator.ActiveCfg = Release|x86
		{8FC50D95-5D6A-43DE-BE50-5171EBB04403}.AppStore|iPhoneSimulator.Build.0 = Release|x86
		{8FC50D95-5D6A-43DE-BE50-5171EBB04403}.AppStore|iPhoneSimulator.Deploy.0 = Release|x86
		{8FC50D95-5D6A-43DE-BE50-5171EBB04403}.AppStore|x64.ActiveCfg = Release|x64
		{8FC50D95-5D6A-43DE-BE50-5171EBB04403}.AppStore|x64.Build.0 = Release|x64
		{8FC50D95-5D6A-43DE-BE50-5171EBB04403}.AppStore|x64.Deploy.0 = Release|x64
		{8FC50D95-5D6A-43DE-BE50-5171EBB04403}.AppStore|x86.ActiveCfg = Release|x86
		{8FC50D95-5D6A-43DE-BE50-5171EBB04403}.AppStore|x86.Build.0 = Release|x86
		{8FC50D95-5D6A-43DE-BE50-5171EBB04403}.AppStore|x86.Deploy.0 = Release|x86
		{8FC50D95-5D6A-43DE-BE50-5171EBB04403}.Debug|Any CPU.ActiveCfg = Debug|x86
		{8FC50D95-5D6A-43DE-BE50-5171EBB04403}.Debug|Any CPU.Build.0 = Debug|x86
		{8FC50D95-5D6A-43DE-BE50-5171EBB04403}.Debug|Any CPU.Deploy.0 = Debug|x86
		{8FC50D95-5D6A-43DE-BE50-5171EBB04403}.Debug|ARM.ActiveCfg = Debug|ARM
		{8FC50D95-5D6A-43DE-BE50-5171EBB04403}.Debug|ARM.Build.0 = Debug|ARM
		{8FC50D95-5D6A-43DE-BE50-5171EBB04403}.Debug|ARM.Deploy.0 = Debug|ARM
		{8FC50D95-5D6A-43DE-BE50-5171EBB04403}.Debug|iPhone.ActiveCfg = Debug|x86
		{8FC50D95-5D6A-43DE-BE50-5171EBB04403}.Debug|iPhoneSimulator.ActiveCfg = Debug|x86
		{8FC50D95-5D6A-43DE-BE50-5171EBB04403}.Debug|iPhoneSimulator.Build.0 = Debug|x86
		{8FC50D95-5D6A-43DE-BE50-5171EBB04403}.Debug|iPhoneSimulator.Deploy.0 = Debug|x86
		{8FC50D95-5D6A-43DE-BE50-5171EBB04403}.Debug|x64.ActiveCfg = Debug|x64
		{8FC50D95-5D6A-43DE-BE50-5171EBB04403}.Debug|x64.Build.0 = Debug|x64
		{8FC50D95-5D6A-43DE-BE50-5171EBB04403}.Debug|x64.Deploy.0 = Debug|x64
		{8FC50D95-5D6A-43DE-BE50-5171EBB04403}.Debug|x86.ActiveCfg = Debug|x86
		{8FC50D95-5D6A-43DE-BE50-5171EBB04403}.Debug|x86.Build.0 = Debug|x86
		{8FC50D95-5D6A-43DE-BE50-5171EBB04403}.Debug|x86.Deploy.0 = Debug|x86
		{8FC50D95-5D6A-43DE-BE50-5171EBB04403}.iOS Release|Any CPU.ActiveCfg = iOS Release|x86
		{8FC50D95-5D6A-43DE-BE50-5171EBB04403}.iOS Release|ARM.ActiveCfg = iOS Release|ARM
		{8FC50D95-5D6A-43DE-BE50-5171EBB04403}.iOS Release|ARM.Deploy.0 = iOS Release|ARM
		{8FC50D95-5D6A-43DE-BE50-5171EBB04403}.iOS Release|iPhone.ActiveCfg = iOS Release|x86
		{8FC50D95-5D6A-43DE-BE50-5171EBB04403}.iOS Release|iPhoneSimulator.ActiveCfg = iOS Release|x86
		{8FC50D95-5D6A-43DE-BE50-5171EBB04403}.iOS Release|x64.ActiveCfg = iOS Release|x64
		{8FC50D95-5D6A-43DE-BE50-5171EBB04403}.iOS Release|x64.Deploy.0 = iOS Release|x64
		{8FC50D95-5D6A-43DE-BE50-5171EBB04403}.iOS Release|x86.ActiveCfg = iOS Release|x86
		{8FC50D95-5D6A-43DE-BE50-5171EBB04403}.iOS Release|x86.Deploy.0 = iOS Release|x86
		{8FC50D95-5D6A-43DE-BE50-5171EBB04403}.Release|Any CPU.ActiveCfg = Release|x86
		{8FC50D95-5D6A-43DE-BE50-5171EBB04403}.Release|ARM.ActiveCfg = Release|ARM
		{8FC50D95-5D6A-43DE-BE50-5171EBB04403}.Release|ARM.Build.0 = Release|ARM
		{8FC50D95-5D6A-43DE-BE50-5171EBB04403}.Release|ARM.Deploy.0 = Release|ARM
		{8FC50D95-5D6A-43DE-BE50-5171EBB04403}.Release|iPhone.ActiveCfg = Release|x86
		{8FC50D95-5D6A-43DE-BE50-5171EBB04403}.Release|iPhoneSimulator.ActiveCfg = Release|x86
		{8FC50D95-5D6A-43DE-BE50-5171EBB04403}.Release|iPhoneSimulator.Build.0 = Release|x86
		{8FC50D95-5D6A-43DE-BE50-5171EBB04403}.Release|iPhoneSimulator.Deploy.0 = Release|x86
		{8FC50D95-5D6A-43DE-BE50-5171EBB04403}.Release|x64.ActiveCfg = Release|x64
		{8FC50D95-5D6A-43DE-BE50-5171EBB04403}.Release|x64.Build.0 = Release|x64
		{8FC50D95-5D6A-43DE-BE50-5171EBB04403}.Release|x64.Deploy.0 = Release|x64
		{8FC50D95-5D6A-43DE-BE50-5171EBB04403}.Release|x86.ActiveCfg = Release|x86
		{8FC50D95-5D6A-43DE-BE50-5171EBB04403}.Release|x86.Build.0 = Release|x86
		{8FC50D95-5D6A-43DE-BE50-5171EBB04403}.Release|x86.Deploy.0 = Release|x86
		{F7A4C203-1AF3-4D8D-8A91-DF2FED833B39}.Ad-Hoc|Any CPU.ActiveCfg = iOS Release|Any CPU
		{F7A4C203-1AF3-4D8D-8A91-DF2FED833B39}.Ad-Hoc|Any CPU.Build.0 = iOS Release|Any CPU
		{F7A4C203-1AF3-4D8D-8A91-DF2FED833B39}.Ad-Hoc|ARM.ActiveCfg = iOS Release|Any CPU
		{F7A4C203-1AF3-4D8D-8A91-DF2FED833B39}.Ad-Hoc|ARM.Build.0 = iOS Release|Any CPU
		{F7A4C203-1AF3-4D8D-8A91-DF2FED833B39}.Ad-Hoc|iPhone.ActiveCfg = iOS Release|Any CPU
		{F7A4C203-1AF3-4D8D-8A91-DF2FED833B39}.Ad-Hoc|iPhone.Build.0 = iOS Release|Any CPU
		{F7A4C203-1AF3-4D8D-8A91-DF2FED833B39}.Ad-Hoc|iPhoneSimulator.ActiveCfg = iOS Release|Any CPU
		{F7A4C203-1AF3-4D8D-8A91-DF2FED833B39}.Ad-Hoc|iPhoneSimulator.Build.0 = iOS Release|Any CPU
		{F7A4C203-1AF3-4D8D-8A91-DF2FED833B39}.Ad-Hoc|x64.ActiveCfg = iOS Release|Any CPU
		{F7A4C203-1AF3-4D8D-8A91-DF2FED833B39}.Ad-Hoc|x64.Build.0 = iOS Release|Any CPU
		{F7A4C203-1AF3-4D8D-8A91-DF2FED833B39}.Ad-Hoc|x86.ActiveCfg = iOS Release|Any CPU
		{F7A4C203-1AF3-4D8D-8A91-DF2FED833B39}.Ad-Hoc|x86.Build.0 = iOS Release|Any CPU
		{F7A4C203-1AF3-4D8D-8A91-DF2FED833B39}.AppStore|Any CPU.ActiveCfg = iOS Release|Any CPU
		{F7A4C203-1AF3-4D8D-8A91-DF2FED833B39}.AppStore|Any CPU.Build.0 = iOS Release|Any CPU
		{F7A4C203-1AF3-4D8D-8A91-DF2FED833B39}.AppStore|ARM.ActiveCfg = iOS Release|Any CPU
		{F7A4C203-1AF3-4D8D-8A91-DF2FED833B39}.AppStore|ARM.Build.0 = iOS Release|Any CPU
		{F7A4C203-1AF3-4D8D-8A91-DF2FED833B39}.AppStore|iPhone.ActiveCfg = iOS Release|Any CPU
		{F7A4C203-1AF3-4D8D-8A91-DF2FED833B39}.AppStore|iPhone.Build.0 = iOS Release|Any CPU
		{F7A4C203-1AF3-4D8D-8A91-DF2FED833B39}.AppStore|iPhoneSimulator.ActiveCfg = iOS Release|Any CPU
		{F7A4C203-1AF3-4D8D-8A91-DF2FED833B39}.AppStore|iPhoneSimulator.Build.0 = iOS Release|Any CPU
		{F7A4C203-1AF3-4D8D-8A91-DF2FED833B39}.AppStore|x64.ActiveCfg = iOS Release|Any CPU
		{F7A4C203-1AF3-4D8D-8A91-DF2FED833B39}.AppStore|x64.Build.0 = iOS Release|Any CPU
		{F7A4C203-1AF3-4D8D-8A91-DF2FED833B39}.AppStore|x86.ActiveCfg = iOS Release|Any CPU
		{F7A4C203-1AF3-4D8D-8A91-DF2FED833B39}.AppStore|x86.Build.0 = iOS Release|Any CPU
		{F7A4C203-1AF3-4D8D-8A91-DF2FED833B39}.Debug|Any CPU.ActiveCfg = Debug|Any CPU
		{F7A4C203-1AF3-4D8D-8A91-DF2FED833B39}.Debug|Any CPU.Build.0 = Debug|Any CPU
		{F7A4C203-1AF3-4D8D-8A91-DF2FED833B39}.Debug|ARM.ActiveCfg = Debug|Any CPU
		{F7A4C203-1AF3-4D8D-8A91-DF2FED833B39}.Debug|ARM.Build.0 = Debug|Any CPU
		{F7A4C203-1AF3-4D8D-8A91-DF2FED833B39}.Debug|iPhone.ActiveCfg = Debug|Any CPU
		{F7A4C203-1AF3-4D8D-8A91-DF2FED833B39}.Debug|iPhone.Build.0 = Debug|Any CPU
		{F7A4C203-1AF3-4D8D-8A91-DF2FED833B39}.Debug|iPhoneSimulator.ActiveCfg = Debug|Any CPU
		{F7A4C203-1AF3-4D8D-8A91-DF2FED833B39}.Debug|iPhoneSimulator.Build.0 = Debug|Any CPU
		{F7A4C203-1AF3-4D8D-8A91-DF2FED833B39}.Debug|x64.ActiveCfg = Debug|Any CPU
		{F7A4C203-1AF3-4D8D-8A91-DF2FED833B39}.Debug|x64.Build.0 = Debug|Any CPU
		{F7A4C203-1AF3-4D8D-8A91-DF2FED833B39}.Debug|x86.ActiveCfg = Debug|Any CPU
		{F7A4C203-1AF3-4D8D-8A91-DF2FED833B39}.Debug|x86.Build.0 = Debug|Any CPU
		{F7A4C203-1AF3-4D8D-8A91-DF2FED833B39}.iOS Release|Any CPU.ActiveCfg = iOS Release|Any CPU
		{F7A4C203-1AF3-4D8D-8A91-DF2FED833B39}.iOS Release|Any CPU.Build.0 = iOS Release|Any CPU
		{F7A4C203-1AF3-4D8D-8A91-DF2FED833B39}.iOS Release|ARM.ActiveCfg = iOS Release|Any CPU
		{F7A4C203-1AF3-4D8D-8A91-DF2FED833B39}.iOS Release|ARM.Build.0 = iOS Release|Any CPU
		{F7A4C203-1AF3-4D8D-8A91-DF2FED833B39}.iOS Release|iPhone.ActiveCfg = iOS Release|Any CPU
		{F7A4C203-1AF3-4D8D-8A91-DF2FED833B39}.iOS Release|iPhone.Build.0 = iOS Release|Any CPU
		{F7A4C203-1AF3-4D8D-8A91-DF2FED833B39}.iOS Release|iPhoneSimulator.ActiveCfg = iOS Release|Any CPU
		{F7A4C203-1AF3-4D8D-8A91-DF2FED833B39}.iOS Release|iPhoneSimulator.Build.0 = iOS Release|Any CPU
		{F7A4C203-1AF3-4D8D-8A91-DF2FED833B39}.iOS Release|x64.ActiveCfg = iOS Release|Any CPU
		{F7A4C203-1AF3-4D8D-8A91-DF2FED833B39}.iOS Release|x64.Build.0 = iOS Release|Any CPU
		{F7A4C203-1AF3-4D8D-8A91-DF2FED833B39}.iOS Release|x86.ActiveCfg = iOS Release|Any CPU
		{F7A4C203-1AF3-4D8D-8A91-DF2FED833B39}.iOS Release|x86.Build.0 = iOS Release|Any CPU
		{F7A4C203-1AF3-4D8D-8A91-DF2FED833B39}.Release|Any CPU.ActiveCfg = Release|Any CPU
		{F7A4C203-1AF3-4D8D-8A91-DF2FED833B39}.Release|Any CPU.Build.0 = Release|Any CPU
		{F7A4C203-1AF3-4D8D-8A91-DF2FED833B39}.Release|ARM.ActiveCfg = Release|Any CPU
		{F7A4C203-1AF3-4D8D-8A91-DF2FED833B39}.Release|ARM.Build.0 = Release|Any CPU
		{F7A4C203-1AF3-4D8D-8A91-DF2FED833B39}.Release|iPhone.ActiveCfg = Release|Any CPU
		{F7A4C203-1AF3-4D8D-8A91-DF2FED833B39}.Release|iPhone.Build.0 = Release|Any CPU
		{F7A4C203-1AF3-4D8D-8A91-DF2FED833B39}.Release|iPhoneSimulator.ActiveCfg = Release|Any CPU
		{F7A4C203-1AF3-4D8D-8A91-DF2FED833B39}.Release|iPhoneSimulator.Build.0 = Release|Any CPU
		{F7A4C203-1AF3-4D8D-8A91-DF2FED833B39}.Release|x64.ActiveCfg = Release|Any CPU
		{F7A4C203-1AF3-4D8D-8A91-DF2FED833B39}.Release|x64.Build.0 = Release|Any CPU
		{F7A4C203-1AF3-4D8D-8A91-DF2FED833B39}.Release|x86.ActiveCfg = Release|Any CPU
		{F7A4C203-1AF3-4D8D-8A91-DF2FED833B39}.Release|x86.Build.0 = Release|Any CPU
		{52498C57-4F42-46DC-A6A3-919DB12D9C58}.Ad-Hoc|Any CPU.ActiveCfg = Debug|Any CPU
		{52498C57-4F42-46DC-A6A3-919DB12D9C58}.Ad-Hoc|Any CPU.Build.0 = Debug|Any CPU
		{52498C57-4F42-46DC-A6A3-919DB12D9C58}.Ad-Hoc|ARM.ActiveCfg = Debug|Any CPU
		{52498C57-4F42-46DC-A6A3-919DB12D9C58}.Ad-Hoc|ARM.Build.0 = Debug|Any CPU
		{52498C57-4F42-46DC-A6A3-919DB12D9C58}.Ad-Hoc|iPhone.ActiveCfg = Debug|Any CPU
		{52498C57-4F42-46DC-A6A3-919DB12D9C58}.Ad-Hoc|iPhone.Build.0 = Debug|Any CPU
		{52498C57-4F42-46DC-A6A3-919DB12D9C58}.Ad-Hoc|iPhoneSimulator.ActiveCfg = Debug|Any CPU
		{52498C57-4F42-46DC-A6A3-919DB12D9C58}.Ad-Hoc|iPhoneSimulator.Build.0 = Debug|Any CPU
		{52498C57-4F42-46DC-A6A3-919DB12D9C58}.Ad-Hoc|x64.ActiveCfg = Debug|Any CPU
		{52498C57-4F42-46DC-A6A3-919DB12D9C58}.Ad-Hoc|x64.Build.0 = Debug|Any CPU
		{52498C57-4F42-46DC-A6A3-919DB12D9C58}.Ad-Hoc|x86.ActiveCfg = Debug|Any CPU
		{52498C57-4F42-46DC-A6A3-919DB12D9C58}.Ad-Hoc|x86.Build.0 = Debug|Any CPU
		{52498C57-4F42-46DC-A6A3-919DB12D9C58}.AppStore|Any CPU.ActiveCfg = Debug|Any CPU
		{52498C57-4F42-46DC-A6A3-919DB12D9C58}.AppStore|Any CPU.Build.0 = Debug|Any CPU
		{52498C57-4F42-46DC-A6A3-919DB12D9C58}.AppStore|ARM.ActiveCfg = Debug|Any CPU
		{52498C57-4F42-46DC-A6A3-919DB12D9C58}.AppStore|ARM.Build.0 = Debug|Any CPU
		{52498C57-4F42-46DC-A6A3-919DB12D9C58}.AppStore|iPhone.ActiveCfg = Debug|Any CPU
		{52498C57-4F42-46DC-A6A3-919DB12D9C58}.AppStore|iPhone.Build.0 = Debug|Any CPU
		{52498C57-4F42-46DC-A6A3-919DB12D9C58}.AppStore|iPhoneSimulator.ActiveCfg = Debug|Any CPU
		{52498C57-4F42-46DC-A6A3-919DB12D9C58}.AppStore|iPhoneSimulator.Build.0 = Debug|Any CPU
		{52498C57-4F42-46DC-A6A3-919DB12D9C58}.AppStore|x64.ActiveCfg = Debug|Any CPU
		{52498C57-4F42-46DC-A6A3-919DB12D9C58}.AppStore|x64.Build.0 = Debug|Any CPU
		{52498C57-4F42-46DC-A6A3-919DB12D9C58}.AppStore|x86.ActiveCfg = Debug|Any CPU
		{52498C57-4F42-46DC-A6A3-919DB12D9C58}.AppStore|x86.Build.0 = Debug|Any CPU
		{52498C57-4F42-46DC-A6A3-919DB12D9C58}.Debug|Any CPU.ActiveCfg = Debug|Any CPU
		{52498C57-4F42-46DC-A6A3-919DB12D9C58}.Debug|Any CPU.Build.0 = Debug|Any CPU
		{52498C57-4F42-46DC-A6A3-919DB12D9C58}.Debug|ARM.ActiveCfg = Debug|Any CPU
		{52498C57-4F42-46DC-A6A3-919DB12D9C58}.Debug|ARM.Build.0 = Debug|Any CPU
		{52498C57-4F42-46DC-A6A3-919DB12D9C58}.Debug|iPhone.ActiveCfg = Debug|Any CPU
		{52498C57-4F42-46DC-A6A3-919DB12D9C58}.Debug|iPhone.Build.0 = Debug|Any CPU
		{52498C57-4F42-46DC-A6A3-919DB12D9C58}.Debug|iPhoneSimulator.ActiveCfg = Debug|Any CPU
		{52498C57-4F42-46DC-A6A3-919DB12D9C58}.Debug|iPhoneSimulator.Build.0 = Debug|Any CPU
		{52498C57-4F42-46DC-A6A3-919DB12D9C58}.Debug|x64.ActiveCfg = Debug|Any CPU
		{52498C57-4F42-46DC-A6A3-919DB12D9C58}.Debug|x64.Build.0 = Debug|Any CPU
		{52498C57-4F42-46DC-A6A3-919DB12D9C58}.Debug|x86.ActiveCfg = Debug|Any CPU
		{52498C57-4F42-46DC-A6A3-919DB12D9C58}.Debug|x86.Build.0 = Debug|Any CPU
		{52498C57-4F42-46DC-A6A3-919DB12D9C58}.iOS Release|Any CPU.ActiveCfg = Release|Any CPU
		{52498C57-4F42-46DC-A6A3-919DB12D9C58}.iOS Release|Any CPU.Build.0 = Release|Any CPU
		{52498C57-4F42-46DC-A6A3-919DB12D9C58}.iOS Release|ARM.ActiveCfg = Release|Any CPU
		{52498C57-4F42-46DC-A6A3-919DB12D9C58}.iOS Release|ARM.Build.0 = Release|Any CPU
		{52498C57-4F42-46DC-A6A3-919DB12D9C58}.iOS Release|iPhone.ActiveCfg = Release|Any CPU
		{52498C57-4F42-46DC-A6A3-919DB12D9C58}.iOS Release|iPhone.Build.0 = Release|Any CPU
		{52498C57-4F42-46DC-A6A3-919DB12D9C58}.iOS Release|iPhoneSimulator.ActiveCfg = Release|Any CPU
		{52498C57-4F42-46DC-A6A3-919DB12D9C58}.iOS Release|iPhoneSimulator.Build.0 = Release|Any CPU
		{52498C57-4F42-46DC-A6A3-919DB12D9C58}.iOS Release|x64.ActiveCfg = Release|Any CPU
		{52498C57-4F42-46DC-A6A3-919DB12D9C58}.iOS Release|x64.Build.0 = Release|Any CPU
		{52498C57-4F42-46DC-A6A3-919DB12D9C58}.iOS Release|x86.ActiveCfg = Release|Any CPU
		{52498C57-4F42-46DC-A6A3-919DB12D9C58}.iOS Release|x86.Build.0 = Release|Any CPU
		{52498C57-4F42-46DC-A6A3-919DB12D9C58}.Release|Any CPU.ActiveCfg = Release|Any CPU
		{52498C57-4F42-46DC-A6A3-919DB12D9C58}.Release|Any CPU.Build.0 = Release|Any CPU
		{52498C57-4F42-46DC-A6A3-919DB12D9C58}.Release|ARM.ActiveCfg = Release|Any CPU
		{52498C57-4F42-46DC-A6A3-919DB12D9C58}.Release|ARM.Build.0 = Release|Any CPU
		{52498C57-4F42-46DC-A6A3-919DB12D9C58}.Release|iPhone.ActiveCfg = Release|Any CPU
		{52498C57-4F42-46DC-A6A3-919DB12D9C58}.Release|iPhone.Build.0 = Release|Any CPU
		{52498C57-4F42-46DC-A6A3-919DB12D9C58}.Release|iPhoneSimulator.ActiveCfg = Release|Any CPU
		{52498C57-4F42-46DC-A6A3-919DB12D9C58}.Release|iPhoneSimulator.Build.0 = Release|Any CPU
		{52498C57-4F42-46DC-A6A3-919DB12D9C58}.Release|x64.ActiveCfg = Release|Any CPU
		{52498C57-4F42-46DC-A6A3-919DB12D9C58}.Release|x64.Build.0 = Release|Any CPU
		{52498C57-4F42-46DC-A6A3-919DB12D9C58}.Release|x86.ActiveCfg = Release|Any CPU
		{52498C57-4F42-46DC-A6A3-919DB12D9C58}.Release|x86.Build.0 = Release|Any CPU
		{8955EFC6-FA7D-4171-A804-974AB97C0EE5}.Ad-Hoc|Any CPU.ActiveCfg = Release|Any CPU
		{8955EFC6-FA7D-4171-A804-974AB97C0EE5}.Ad-Hoc|Any CPU.Build.0 = Release|Any CPU
		{8955EFC6-FA7D-4171-A804-974AB97C0EE5}.Ad-Hoc|ARM.ActiveCfg = Release|Any CPU
		{8955EFC6-FA7D-4171-A804-974AB97C0EE5}.Ad-Hoc|ARM.Build.0 = Release|Any CPU
		{8955EFC6-FA7D-4171-A804-974AB97C0EE5}.Ad-Hoc|iPhone.ActiveCfg = Release|Any CPU
		{8955EFC6-FA7D-4171-A804-974AB97C0EE5}.Ad-Hoc|iPhone.Build.0 = Release|Any CPU
		{8955EFC6-FA7D-4171-A804-974AB97C0EE5}.Ad-Hoc|iPhoneSimulator.ActiveCfg = Release|Any CPU
		{8955EFC6-FA7D-4171-A804-974AB97C0EE5}.Ad-Hoc|iPhoneSimulator.Build.0 = Release|Any CPU
		{8955EFC6-FA7D-4171-A804-974AB97C0EE5}.Ad-Hoc|x64.ActiveCfg = Release|Any CPU
		{8955EFC6-FA7D-4171-A804-974AB97C0EE5}.Ad-Hoc|x64.Build.0 = Release|Any CPU
		{8955EFC6-FA7D-4171-A804-974AB97C0EE5}.Ad-Hoc|x86.ActiveCfg = Release|Any CPU
		{8955EFC6-FA7D-4171-A804-974AB97C0EE5}.Ad-Hoc|x86.Build.0 = Release|Any CPU
		{8955EFC6-FA7D-4171-A804-974AB97C0EE5}.AppStore|Any CPU.ActiveCfg = Release|Any CPU
		{8955EFC6-FA7D-4171-A804-974AB97C0EE5}.AppStore|Any CPU.Build.0 = Release|Any CPU
		{8955EFC6-FA7D-4171-A804-974AB97C0EE5}.AppStore|ARM.ActiveCfg = Release|Any CPU
		{8955EFC6-FA7D-4171-A804-974AB97C0EE5}.AppStore|ARM.Build.0 = Release|Any CPU
		{8955EFC6-FA7D-4171-A804-974AB97C0EE5}.AppStore|iPhone.ActiveCfg = Release|Any CPU
		{8955EFC6-FA7D-4171-A804-974AB97C0EE5}.AppStore|iPhone.Build.0 = Release|Any CPU
		{8955EFC6-FA7D-4171-A804-974AB97C0EE5}.AppStore|iPhoneSimulator.ActiveCfg = Release|Any CPU
		{8955EFC6-FA7D-4171-A804-974AB97C0EE5}.AppStore|iPhoneSimulator.Build.0 = Release|Any CPU
		{8955EFC6-FA7D-4171-A804-974AB97C0EE5}.AppStore|x64.ActiveCfg = Release|Any CPU
		{8955EFC6-FA7D-4171-A804-974AB97C0EE5}.AppStore|x64.Build.0 = Release|Any CPU
		{8955EFC6-FA7D-4171-A804-974AB97C0EE5}.AppStore|x86.ActiveCfg = Release|Any CPU
		{8955EFC6-FA7D-4171-A804-974AB97C0EE5}.AppStore|x86.Build.0 = Release|Any CPU
		{8955EFC6-FA7D-4171-A804-974AB97C0EE5}.Debug|Any CPU.ActiveCfg = Debug|Any CPU
		{8955EFC6-FA7D-4171-A804-974AB97C0EE5}.Debug|Any CPU.Build.0 = Debug|Any CPU
		{8955EFC6-FA7D-4171-A804-974AB97C0EE5}.Debug|ARM.ActiveCfg = Debug|Any CPU
		{8955EFC6-FA7D-4171-A804-974AB97C0EE5}.Debug|ARM.Build.0 = Debug|Any CPU
		{8955EFC6-FA7D-4171-A804-974AB97C0EE5}.Debug|iPhone.ActiveCfg = Debug|Any CPU
		{8955EFC6-FA7D-4171-A804-974AB97C0EE5}.Debug|iPhone.Build.0 = Debug|Any CPU
		{8955EFC6-FA7D-4171-A804-974AB97C0EE5}.Debug|iPhoneSimulator.ActiveCfg = Debug|Any CPU
		{8955EFC6-FA7D-4171-A804-974AB97C0EE5}.Debug|iPhoneSimulator.Build.0 = Debug|Any CPU
		{8955EFC6-FA7D-4171-A804-974AB97C0EE5}.Debug|x64.ActiveCfg = Debug|Any CPU
		{8955EFC6-FA7D-4171-A804-974AB97C0EE5}.Debug|x64.Build.0 = Debug|Any CPU
		{8955EFC6-FA7D-4171-A804-974AB97C0EE5}.Debug|x86.ActiveCfg = Debug|Any CPU
		{8955EFC6-FA7D-4171-A804-974AB97C0EE5}.Debug|x86.Build.0 = Debug|Any CPU
		{8955EFC6-FA7D-4171-A804-974AB97C0EE5}.iOS Release|Any CPU.ActiveCfg = Release|Any CPU
		{8955EFC6-FA7D-4171-A804-974AB97C0EE5}.iOS Release|Any CPU.Build.0 = Release|Any CPU
		{8955EFC6-FA7D-4171-A804-974AB97C0EE5}.iOS Release|ARM.ActiveCfg = Release|Any CPU
		{8955EFC6-FA7D-4171-A804-974AB97C0EE5}.iOS Release|ARM.Build.0 = Release|Any CPU
		{8955EFC6-FA7D-4171-A804-974AB97C0EE5}.iOS Release|iPhone.ActiveCfg = Release|Any CPU
		{8955EFC6-FA7D-4171-A804-974AB97C0EE5}.iOS Release|iPhone.Build.0 = Release|Any CPU
		{8955EFC6-FA7D-4171-A804-974AB97C0EE5}.iOS Release|iPhoneSimulator.ActiveCfg = Release|Any CPU
		{8955EFC6-FA7D-4171-A804-974AB97C0EE5}.iOS Release|iPhoneSimulator.Build.0 = Release|Any CPU
		{8955EFC6-FA7D-4171-A804-974AB97C0EE5}.iOS Release|x64.ActiveCfg = Release|Any CPU
		{8955EFC6-FA7D-4171-A804-974AB97C0EE5}.iOS Release|x64.Build.0 = Release|Any CPU
		{8955EFC6-FA7D-4171-A804-974AB97C0EE5}.iOS Release|x86.ActiveCfg = Release|Any CPU
		{8955EFC6-FA7D-4171-A804-974AB97C0EE5}.iOS Release|x86.Build.0 = Release|Any CPU
		{8955EFC6-FA7D-4171-A804-974AB97C0EE5}.Release|Any CPU.ActiveCfg = Release|Any CPU
		{8955EFC6-FA7D-4171-A804-974AB97C0EE5}.Release|Any CPU.Build.0 = Release|Any CPU
		{8955EFC6-FA7D-4171-A804-974AB97C0EE5}.Release|ARM.ActiveCfg = Release|Any CPU
		{8955EFC6-FA7D-4171-A804-974AB97C0EE5}.Release|ARM.Build.0 = Release|Any CPU
		{8955EFC6-FA7D-4171-A804-974AB97C0EE5}.Release|iPhone.ActiveCfg = Release|Any CPU
		{8955EFC6-FA7D-4171-A804-974AB97C0EE5}.Release|iPhone.Build.0 = Release|Any CPU
		{8955EFC6-FA7D-4171-A804-974AB97C0EE5}.Release|iPhoneSimulator.ActiveCfg = Release|Any CPU
		{8955EFC6-FA7D-4171-A804-974AB97C0EE5}.Release|iPhoneSimulator.Build.0 = Release|Any CPU
		{8955EFC6-FA7D-4171-A804-974AB97C0EE5}.Release|x64.ActiveCfg = Release|Any CPU
		{8955EFC6-FA7D-4171-A804-974AB97C0EE5}.Release|x64.Build.0 = Release|Any CPU
		{8955EFC6-FA7D-4171-A804-974AB97C0EE5}.Release|x86.ActiveCfg = Release|Any CPU
		{8955EFC6-FA7D-4171-A804-974AB97C0EE5}.Release|x86.Build.0 = Release|Any CPU
		{19C3BB37-AC84-4FA8-8486-B964785632D2}.Ad-Hoc|Any CPU.ActiveCfg = Release|Any CPU
		{19C3BB37-AC84-4FA8-8486-B964785632D2}.Ad-Hoc|Any CPU.Build.0 = Release|Any CPU
		{19C3BB37-AC84-4FA8-8486-B964785632D2}.Ad-Hoc|ARM.ActiveCfg = Release|Any CPU
		{19C3BB37-AC84-4FA8-8486-B964785632D2}.Ad-Hoc|ARM.Build.0 = Release|Any CPU
		{19C3BB37-AC84-4FA8-8486-B964785632D2}.Ad-Hoc|iPhone.ActiveCfg = Release|Any CPU
		{19C3BB37-AC84-4FA8-8486-B964785632D2}.Ad-Hoc|iPhone.Build.0 = Release|Any CPU
		{19C3BB37-AC84-4FA8-8486-B964785632D2}.Ad-Hoc|iPhoneSimulator.ActiveCfg = Release|Any CPU
		{19C3BB37-AC84-4FA8-8486-B964785632D2}.Ad-Hoc|iPhoneSimulator.Build.0 = Release|Any CPU
		{19C3BB37-AC84-4FA8-8486-B964785632D2}.Ad-Hoc|x64.ActiveCfg = Release|Any CPU
		{19C3BB37-AC84-4FA8-8486-B964785632D2}.Ad-Hoc|x64.Build.0 = Release|Any CPU
		{19C3BB37-AC84-4FA8-8486-B964785632D2}.Ad-Hoc|x86.ActiveCfg = Release|Any CPU
		{19C3BB37-AC84-4FA8-8486-B964785632D2}.Ad-Hoc|x86.Build.0 = Release|Any CPU
		{19C3BB37-AC84-4FA8-8486-B964785632D2}.AppStore|Any CPU.ActiveCfg = Release|Any CPU
		{19C3BB37-AC84-4FA8-8486-B964785632D2}.AppStore|Any CPU.Build.0 = Release|Any CPU
		{19C3BB37-AC84-4FA8-8486-B964785632D2}.AppStore|ARM.ActiveCfg = Release|Any CPU
		{19C3BB37-AC84-4FA8-8486-B964785632D2}.AppStore|ARM.Build.0 = Release|Any CPU
		{19C3BB37-AC84-4FA8-8486-B964785632D2}.AppStore|iPhone.ActiveCfg = Release|Any CPU
		{19C3BB37-AC84-4FA8-8486-B964785632D2}.AppStore|iPhone.Build.0 = Release|Any CPU
		{19C3BB37-AC84-4FA8-8486-B964785632D2}.AppStore|iPhoneSimulator.ActiveCfg = Release|Any CPU
		{19C3BB37-AC84-4FA8-8486-B964785632D2}.AppStore|iPhoneSimulator.Build.0 = Release|Any CPU
		{19C3BB37-AC84-4FA8-8486-B964785632D2}.AppStore|x64.ActiveCfg = Release|Any CPU
		{19C3BB37-AC84-4FA8-8486-B964785632D2}.AppStore|x64.Build.0 = Release|Any CPU
		{19C3BB37-AC84-4FA8-8486-B964785632D2}.AppStore|x86.ActiveCfg = Release|Any CPU
		{19C3BB37-AC84-4FA8-8486-B964785632D2}.AppStore|x86.Build.0 = Release|Any CPU
		{19C3BB37-AC84-4FA8-8486-B964785632D2}.Debug|Any CPU.ActiveCfg = Debug|Any CPU
		{19C3BB37-AC84-4FA8-8486-B964785632D2}.Debug|Any CPU.Build.0 = Debug|Any CPU
		{19C3BB37-AC84-4FA8-8486-B964785632D2}.Debug|ARM.ActiveCfg = Debug|Any CPU
		{19C3BB37-AC84-4FA8-8486-B964785632D2}.Debug|ARM.Build.0 = Debug|Any CPU
		{19C3BB37-AC84-4FA8-8486-B964785632D2}.Debug|iPhone.ActiveCfg = Debug|Any CPU
		{19C3BB37-AC84-4FA8-8486-B964785632D2}.Debug|iPhone.Build.0 = Debug|Any CPU
		{19C3BB37-AC84-4FA8-8486-B964785632D2}.Debug|iPhoneSimulator.ActiveCfg = Debug|Any CPU
		{19C3BB37-AC84-4FA8-8486-B964785632D2}.Debug|iPhoneSimulator.Build.0 = Debug|Any CPU
		{19C3BB37-AC84-4FA8-8486-B964785632D2}.Debug|x64.ActiveCfg = Debug|Any CPU
		{19C3BB37-AC84-4FA8-8486-B964785632D2}.Debug|x64.Build.0 = Debug|Any CPU
		{19C3BB37-AC84-4FA8-8486-B964785632D2}.Debug|x86.ActiveCfg = Debug|Any CPU
		{19C3BB37-AC84-4FA8-8486-B964785632D2}.Debug|x86.Build.0 = Debug|Any CPU
		{19C3BB37-AC84-4FA8-8486-B964785632D2}.iOS Release|Any CPU.ActiveCfg = Release|Any CPU
		{19C3BB37-AC84-4FA8-8486-B964785632D2}.iOS Release|Any CPU.Build.0 = Release|Any CPU
		{19C3BB37-AC84-4FA8-8486-B964785632D2}.iOS Release|ARM.ActiveCfg = Release|Any CPU
		{19C3BB37-AC84-4FA8-8486-B964785632D2}.iOS Release|ARM.Build.0 = Release|Any CPU
		{19C3BB37-AC84-4FA8-8486-B964785632D2}.iOS Release|iPhone.ActiveCfg = Release|Any CPU
		{19C3BB37-AC84-4FA8-8486-B964785632D2}.iOS Release|iPhone.Build.0 = Release|Any CPU
		{19C3BB37-AC84-4FA8-8486-B964785632D2}.iOS Release|iPhoneSimulator.ActiveCfg = Release|Any CPU
		{19C3BB37-AC84-4FA8-8486-B964785632D2}.iOS Release|iPhoneSimulator.Build.0 = Release|Any CPU
		{19C3BB37-AC84-4FA8-8486-B964785632D2}.iOS Release|x64.ActiveCfg = Release|Any CPU
		{19C3BB37-AC84-4FA8-8486-B964785632D2}.iOS Release|x64.Build.0 = Release|Any CPU
		{19C3BB37-AC84-4FA8-8486-B964785632D2}.iOS Release|x86.ActiveCfg = Release|Any CPU
		{19C3BB37-AC84-4FA8-8486-B964785632D2}.iOS Release|x86.Build.0 = Release|Any CPU
		{19C3BB37-AC84-4FA8-8486-B964785632D2}.Release|Any CPU.ActiveCfg = Release|Any CPU
		{19C3BB37-AC84-4FA8-8486-B964785632D2}.Release|Any CPU.Build.0 = Release|Any CPU
		{19C3BB37-AC84-4FA8-8486-B964785632D2}.Release|ARM.ActiveCfg = Release|Any CPU
		{19C3BB37-AC84-4FA8-8486-B964785632D2}.Release|ARM.Build.0 = Release|Any CPU
		{19C3BB37-AC84-4FA8-8486-B964785632D2}.Release|iPhone.ActiveCfg = Release|Any CPU
		{19C3BB37-AC84-4FA8-8486-B964785632D2}.Release|iPhone.Build.0 = Release|Any CPU
		{19C3BB37-AC84-4FA8-8486-B964785632D2}.Release|iPhoneSimulator.ActiveCfg = Release|Any CPU
		{19C3BB37-AC84-4FA8-8486-B964785632D2}.Release|iPhoneSimulator.Build.0 = Release|Any CPU
		{19C3BB37-AC84-4FA8-8486-B964785632D2}.Release|x64.ActiveCfg = Release|Any CPU
		{19C3BB37-AC84-4FA8-8486-B964785632D2}.Release|x64.Build.0 = Release|Any CPU
		{19C3BB37-AC84-4FA8-8486-B964785632D2}.Release|x86.ActiveCfg = Release|Any CPU
		{19C3BB37-AC84-4FA8-8486-B964785632D2}.Release|x86.Build.0 = Release|Any CPU
		{3DE09B8A-772B-4455-A112-89AC3A01B793}.Ad-Hoc|Any CPU.ActiveCfg = Release|Any CPU
		{3DE09B8A-772B-4455-A112-89AC3A01B793}.Ad-Hoc|Any CPU.Build.0 = Release|Any CPU
		{3DE09B8A-772B-4455-A112-89AC3A01B793}.Ad-Hoc|ARM.ActiveCfg = Release|Any CPU
		{3DE09B8A-772B-4455-A112-89AC3A01B793}.Ad-Hoc|ARM.Build.0 = Release|Any CPU
		{3DE09B8A-772B-4455-A112-89AC3A01B793}.Ad-Hoc|iPhone.ActiveCfg = Release|Any CPU
		{3DE09B8A-772B-4455-A112-89AC3A01B793}.Ad-Hoc|iPhone.Build.0 = Release|Any CPU
		{3DE09B8A-772B-4455-A112-89AC3A01B793}.Ad-Hoc|iPhoneSimulator.ActiveCfg = Release|Any CPU
		{3DE09B8A-772B-4455-A112-89AC3A01B793}.Ad-Hoc|iPhoneSimulator.Build.0 = Release|Any CPU
		{3DE09B8A-772B-4455-A112-89AC3A01B793}.Ad-Hoc|x64.ActiveCfg = Release|Any CPU
		{3DE09B8A-772B-4455-A112-89AC3A01B793}.Ad-Hoc|x64.Build.0 = Release|Any CPU
		{3DE09B8A-772B-4455-A112-89AC3A01B793}.Ad-Hoc|x86.ActiveCfg = Release|Any CPU
		{3DE09B8A-772B-4455-A112-89AC3A01B793}.Ad-Hoc|x86.Build.0 = Release|Any CPU
		{3DE09B8A-772B-4455-A112-89AC3A01B793}.AppStore|Any CPU.ActiveCfg = Release|Any CPU
		{3DE09B8A-772B-4455-A112-89AC3A01B793}.AppStore|Any CPU.Build.0 = Release|Any CPU
		{3DE09B8A-772B-4455-A112-89AC3A01B793}.AppStore|ARM.ActiveCfg = Release|Any CPU
		{3DE09B8A-772B-4455-A112-89AC3A01B793}.AppStore|ARM.Build.0 = Release|Any CPU
		{3DE09B8A-772B-4455-A112-89AC3A01B793}.AppStore|iPhone.ActiveCfg = Release|Any CPU
		{3DE09B8A-772B-4455-A112-89AC3A01B793}.AppStore|iPhone.Build.0 = Release|Any CPU
		{3DE09B8A-772B-4455-A112-89AC3A01B793}.AppStore|iPhoneSimulator.ActiveCfg = Release|Any CPU
		{3DE09B8A-772B-4455-A112-89AC3A01B793}.AppStore|iPhoneSimulator.Build.0 = Release|Any CPU
		{3DE09B8A-772B-4455-A112-89AC3A01B793}.AppStore|x64.ActiveCfg = Release|Any CPU
		{3DE09B8A-772B-4455-A112-89AC3A01B793}.AppStore|x64.Build.0 = Release|Any CPU
		{3DE09B8A-772B-4455-A112-89AC3A01B793}.AppStore|x86.ActiveCfg = Release|Any CPU
		{3DE09B8A-772B-4455-A112-89AC3A01B793}.AppStore|x86.Build.0 = Release|Any CPU
		{3DE09B8A-772B-4455-A112-89AC3A01B793}.Debug|Any CPU.ActiveCfg = Debug|Any CPU
		{3DE09B8A-772B-4455-A112-89AC3A01B793}.Debug|Any CPU.Build.0 = Debug|Any CPU
		{3DE09B8A-772B-4455-A112-89AC3A01B793}.Debug|ARM.ActiveCfg = Debug|Any CPU
		{3DE09B8A-772B-4455-A112-89AC3A01B793}.Debug|ARM.Build.0 = Debug|Any CPU
		{3DE09B8A-772B-4455-A112-89AC3A01B793}.Debug|iPhone.ActiveCfg = Debug|Any CPU
		{3DE09B8A-772B-4455-A112-89AC3A01B793}.Debug|iPhone.Build.0 = Debug|Any CPU
		{3DE09B8A-772B-4455-A112-89AC3A01B793}.Debug|iPhoneSimulator.ActiveCfg = Debug|Any CPU
		{3DE09B8A-772B-4455-A112-89AC3A01B793}.Debug|iPhoneSimulator.Build.0 = Debug|Any CPU
		{3DE09B8A-772B-4455-A112-89AC3A01B793}.Debug|x64.ActiveCfg = Debug|Any CPU
		{3DE09B8A-772B-4455-A112-89AC3A01B793}.Debug|x64.Build.0 = Debug|Any CPU
		{3DE09B8A-772B-4455-A112-89AC3A01B793}.Debug|x86.ActiveCfg = Debug|Any CPU
		{3DE09B8A-772B-4455-A112-89AC3A01B793}.Debug|x86.Build.0 = Debug|Any CPU
		{3DE09B8A-772B-4455-A112-89AC3A01B793}.iOS Release|Any CPU.ActiveCfg = Release|Any CPU
		{3DE09B8A-772B-4455-A112-89AC3A01B793}.iOS Release|Any CPU.Build.0 = Release|Any CPU
		{3DE09B8A-772B-4455-A112-89AC3A01B793}.iOS Release|ARM.ActiveCfg = Release|Any CPU
		{3DE09B8A-772B-4455-A112-89AC3A01B793}.iOS Release|ARM.Build.0 = Release|Any CPU
		{3DE09B8A-772B-4455-A112-89AC3A01B793}.iOS Release|iPhone.ActiveCfg = Release|Any CPU
		{3DE09B8A-772B-4455-A112-89AC3A01B793}.iOS Release|iPhone.Build.0 = Release|Any CPU
		{3DE09B8A-772B-4455-A112-89AC3A01B793}.iOS Release|iPhoneSimulator.ActiveCfg = Release|Any CPU
		{3DE09B8A-772B-4455-A112-89AC3A01B793}.iOS Release|iPhoneSimulator.Build.0 = Release|Any CPU
		{3DE09B8A-772B-4455-A112-89AC3A01B793}.iOS Release|x64.ActiveCfg = Release|Any CPU
		{3DE09B8A-772B-4455-A112-89AC3A01B793}.iOS Release|x64.Build.0 = Release|Any CPU
		{3DE09B8A-772B-4455-A112-89AC3A01B793}.iOS Release|x86.ActiveCfg = Release|Any CPU
		{3DE09B8A-772B-4455-A112-89AC3A01B793}.iOS Release|x86.Build.0 = Release|Any CPU
		{3DE09B8A-772B-4455-A112-89AC3A01B793}.Release|Any CPU.ActiveCfg = Release|Any CPU
		{3DE09B8A-772B-4455-A112-89AC3A01B793}.Release|Any CPU.Build.0 = Release|Any CPU
		{3DE09B8A-772B-4455-A112-89AC3A01B793}.Release|ARM.ActiveCfg = Release|Any CPU
		{3DE09B8A-772B-4455-A112-89AC3A01B793}.Release|ARM.Build.0 = Release|Any CPU
		{3DE09B8A-772B-4455-A112-89AC3A01B793}.Release|iPhone.ActiveCfg = Release|Any CPU
		{3DE09B8A-772B-4455-A112-89AC3A01B793}.Release|iPhone.Build.0 = Release|Any CPU
		{3DE09B8A-772B-4455-A112-89AC3A01B793}.Release|iPhoneSimulator.ActiveCfg = Release|Any CPU
		{3DE09B8A-772B-4455-A112-89AC3A01B793}.Release|iPhoneSimulator.Build.0 = Release|Any CPU
		{3DE09B8A-772B-4455-A112-89AC3A01B793}.Release|x64.ActiveCfg = Release|Any CPU
		{3DE09B8A-772B-4455-A112-89AC3A01B793}.Release|x64.Build.0 = Release|Any CPU
		{3DE09B8A-772B-4455-A112-89AC3A01B793}.Release|x86.ActiveCfg = Release|Any CPU
		{3DE09B8A-772B-4455-A112-89AC3A01B793}.Release|x86.Build.0 = Release|Any CPU
		{67F9D3A8-F71E-4428-913F-C37AE82CDB24}.Ad-Hoc|Any CPU.ActiveCfg = Release|Any CPU
		{67F9D3A8-F71E-4428-913F-C37AE82CDB24}.Ad-Hoc|Any CPU.Build.0 = Release|Any CPU
		{67F9D3A8-F71E-4428-913F-C37AE82CDB24}.Ad-Hoc|ARM.ActiveCfg = Release|Any CPU
		{67F9D3A8-F71E-4428-913F-C37AE82CDB24}.Ad-Hoc|ARM.Build.0 = Release|Any CPU
		{67F9D3A8-F71E-4428-913F-C37AE82CDB24}.Ad-Hoc|iPhone.ActiveCfg = Release|Any CPU
		{67F9D3A8-F71E-4428-913F-C37AE82CDB24}.Ad-Hoc|iPhone.Build.0 = Release|Any CPU
		{67F9D3A8-F71E-4428-913F-C37AE82CDB24}.Ad-Hoc|iPhoneSimulator.ActiveCfg = Release|Any CPU
		{67F9D3A8-F71E-4428-913F-C37AE82CDB24}.Ad-Hoc|iPhoneSimulator.Build.0 = Release|Any CPU
		{67F9D3A8-F71E-4428-913F-C37AE82CDB24}.Ad-Hoc|x64.ActiveCfg = Release|Any CPU
		{67F9D3A8-F71E-4428-913F-C37AE82CDB24}.Ad-Hoc|x64.Build.0 = Release|Any CPU
		{67F9D3A8-F71E-4428-913F-C37AE82CDB24}.Ad-Hoc|x86.ActiveCfg = Release|Any CPU
		{67F9D3A8-F71E-4428-913F-C37AE82CDB24}.Ad-Hoc|x86.Build.0 = Release|Any CPU
		{67F9D3A8-F71E-4428-913F-C37AE82CDB24}.AppStore|Any CPU.ActiveCfg = Release|Any CPU
		{67F9D3A8-F71E-4428-913F-C37AE82CDB24}.AppStore|Any CPU.Build.0 = Release|Any CPU
		{67F9D3A8-F71E-4428-913F-C37AE82CDB24}.AppStore|ARM.ActiveCfg = Release|Any CPU
		{67F9D3A8-F71E-4428-913F-C37AE82CDB24}.AppStore|ARM.Build.0 = Release|Any CPU
		{67F9D3A8-F71E-4428-913F-C37AE82CDB24}.AppStore|iPhone.ActiveCfg = Release|Any CPU
		{67F9D3A8-F71E-4428-913F-C37AE82CDB24}.AppStore|iPhone.Build.0 = Release|Any CPU
		{67F9D3A8-F71E-4428-913F-C37AE82CDB24}.AppStore|iPhoneSimulator.ActiveCfg = Release|Any CPU
		{67F9D3A8-F71E-4428-913F-C37AE82CDB24}.AppStore|iPhoneSimulator.Build.0 = Release|Any CPU
		{67F9D3A8-F71E-4428-913F-C37AE82CDB24}.AppStore|x64.ActiveCfg = Release|Any CPU
		{67F9D3A8-F71E-4428-913F-C37AE82CDB24}.AppStore|x64.Build.0 = Release|Any CPU
		{67F9D3A8-F71E-4428-913F-C37AE82CDB24}.AppStore|x86.ActiveCfg = Release|Any CPU
		{67F9D3A8-F71E-4428-913F-C37AE82CDB24}.AppStore|x86.Build.0 = Release|Any CPU
		{67F9D3A8-F71E-4428-913F-C37AE82CDB24}.Debug|Any CPU.ActiveCfg = Debug|Any CPU
		{67F9D3A8-F71E-4428-913F-C37AE82CDB24}.Debug|Any CPU.Build.0 = Debug|Any CPU
		{67F9D3A8-F71E-4428-913F-C37AE82CDB24}.Debug|ARM.ActiveCfg = Debug|Any CPU
		{67F9D3A8-F71E-4428-913F-C37AE82CDB24}.Debug|ARM.Build.0 = Debug|Any CPU
		{67F9D3A8-F71E-4428-913F-C37AE82CDB24}.Debug|iPhone.ActiveCfg = Debug|Any CPU
		{67F9D3A8-F71E-4428-913F-C37AE82CDB24}.Debug|iPhone.Build.0 = Debug|Any CPU
		{67F9D3A8-F71E-4428-913F-C37AE82CDB24}.Debug|iPhoneSimulator.ActiveCfg = Debug|Any CPU
		{67F9D3A8-F71E-4428-913F-C37AE82CDB24}.Debug|iPhoneSimulator.Build.0 = Debug|Any CPU
		{67F9D3A8-F71E-4428-913F-C37AE82CDB24}.Debug|x64.ActiveCfg = Debug|Any CPU
		{67F9D3A8-F71E-4428-913F-C37AE82CDB24}.Debug|x64.Build.0 = Debug|Any CPU
		{67F9D3A8-F71E-4428-913F-C37AE82CDB24}.Debug|x86.ActiveCfg = Debug|Any CPU
		{67F9D3A8-F71E-4428-913F-C37AE82CDB24}.Debug|x86.Build.0 = Debug|Any CPU
		{67F9D3A8-F71E-4428-913F-C37AE82CDB24}.iOS Release|Any CPU.ActiveCfg = Release|Any CPU
		{67F9D3A8-F71E-4428-913F-C37AE82CDB24}.iOS Release|Any CPU.Build.0 = Release|Any CPU
		{67F9D3A8-F71E-4428-913F-C37AE82CDB24}.iOS Release|ARM.ActiveCfg = Release|Any CPU
		{67F9D3A8-F71E-4428-913F-C37AE82CDB24}.iOS Release|ARM.Build.0 = Release|Any CPU
		{67F9D3A8-F71E-4428-913F-C37AE82CDB24}.iOS Release|iPhone.ActiveCfg = Release|Any CPU
		{67F9D3A8-F71E-4428-913F-C37AE82CDB24}.iOS Release|iPhone.Build.0 = Release|Any CPU
		{67F9D3A8-F71E-4428-913F-C37AE82CDB24}.iOS Release|iPhoneSimulator.ActiveCfg = Release|Any CPU
		{67F9D3A8-F71E-4428-913F-C37AE82CDB24}.iOS Release|iPhoneSimulator.Build.0 = Release|Any CPU
		{67F9D3A8-F71E-4428-913F-C37AE82CDB24}.iOS Release|x64.ActiveCfg = Release|Any CPU
		{67F9D3A8-F71E-4428-913F-C37AE82CDB24}.iOS Release|x64.Build.0 = Release|Any CPU
		{67F9D3A8-F71E-4428-913F-C37AE82CDB24}.iOS Release|x86.ActiveCfg = Release|Any CPU
		{67F9D3A8-F71E-4428-913F-C37AE82CDB24}.iOS Release|x86.Build.0 = Release|Any CPU
		{67F9D3A8-F71E-4428-913F-C37AE82CDB24}.Release|Any CPU.ActiveCfg = Release|Any CPU
		{67F9D3A8-F71E-4428-913F-C37AE82CDB24}.Release|Any CPU.Build.0 = Release|Any CPU
		{67F9D3A8-F71E-4428-913F-C37AE82CDB24}.Release|ARM.ActiveCfg = Release|Any CPU
		{67F9D3A8-F71E-4428-913F-C37AE82CDB24}.Release|ARM.Build.0 = Release|Any CPU
		{67F9D3A8-F71E-4428-913F-C37AE82CDB24}.Release|iPhone.ActiveCfg = Release|Any CPU
		{67F9D3A8-F71E-4428-913F-C37AE82CDB24}.Release|iPhone.Build.0 = Release|Any CPU
		{67F9D3A8-F71E-4428-913F-C37AE82CDB24}.Release|iPhoneSimulator.ActiveCfg = Release|Any CPU
		{67F9D3A8-F71E-4428-913F-C37AE82CDB24}.Release|iPhoneSimulator.Build.0 = Release|Any CPU
		{67F9D3A8-F71E-4428-913F-C37AE82CDB24}.Release|x64.ActiveCfg = Release|Any CPU
		{67F9D3A8-F71E-4428-913F-C37AE82CDB24}.Release|x64.Build.0 = Release|Any CPU
		{67F9D3A8-F71E-4428-913F-C37AE82CDB24}.Release|x86.ActiveCfg = Release|Any CPU
		{67F9D3A8-F71E-4428-913F-C37AE82CDB24}.Release|x86.Build.0 = Release|Any CPU
		{11C6C417-F5CB-41A2-966D-FA4DF0495283}.Ad-Hoc|Any CPU.ActiveCfg = Release|Any CPU
		{11C6C417-F5CB-41A2-966D-FA4DF0495283}.Ad-Hoc|Any CPU.Build.0 = Release|Any CPU
		{11C6C417-F5CB-41A2-966D-FA4DF0495283}.Ad-Hoc|ARM.ActiveCfg = Release|Any CPU
		{11C6C417-F5CB-41A2-966D-FA4DF0495283}.Ad-Hoc|ARM.Build.0 = Release|Any CPU
		{11C6C417-F5CB-41A2-966D-FA4DF0495283}.Ad-Hoc|iPhone.ActiveCfg = Release|Any CPU
		{11C6C417-F5CB-41A2-966D-FA4DF0495283}.Ad-Hoc|iPhone.Build.0 = Release|Any CPU
		{11C6C417-F5CB-41A2-966D-FA4DF0495283}.Ad-Hoc|iPhoneSimulator.ActiveCfg = Release|Any CPU
		{11C6C417-F5CB-41A2-966D-FA4DF0495283}.Ad-Hoc|iPhoneSimulator.Build.0 = Release|Any CPU
		{11C6C417-F5CB-41A2-966D-FA4DF0495283}.Ad-Hoc|x64.ActiveCfg = Release|Any CPU
		{11C6C417-F5CB-41A2-966D-FA4DF0495283}.Ad-Hoc|x64.Build.0 = Release|Any CPU
		{11C6C417-F5CB-41A2-966D-FA4DF0495283}.Ad-Hoc|x86.ActiveCfg = Release|Any CPU
		{11C6C417-F5CB-41A2-966D-FA4DF0495283}.Ad-Hoc|x86.Build.0 = Release|Any CPU
		{11C6C417-F5CB-41A2-966D-FA4DF0495283}.AppStore|Any CPU.ActiveCfg = Release|Any CPU
		{11C6C417-F5CB-41A2-966D-FA4DF0495283}.AppStore|Any CPU.Build.0 = Release|Any CPU
		{11C6C417-F5CB-41A2-966D-FA4DF0495283}.AppStore|ARM.ActiveCfg = Release|Any CPU
		{11C6C417-F5CB-41A2-966D-FA4DF0495283}.AppStore|ARM.Build.0 = Release|Any CPU
		{11C6C417-F5CB-41A2-966D-FA4DF0495283}.AppStore|iPhone.ActiveCfg = Release|Any CPU
		{11C6C417-F5CB-41A2-966D-FA4DF0495283}.AppStore|iPhone.Build.0 = Release|Any CPU
		{11C6C417-F5CB-41A2-966D-FA4DF0495283}.AppStore|iPhoneSimulator.ActiveCfg = Release|Any CPU
		{11C6C417-F5CB-41A2-966D-FA4DF0495283}.AppStore|iPhoneSimulator.Build.0 = Release|Any CPU
		{11C6C417-F5CB-41A2-966D-FA4DF0495283}.AppStore|x64.ActiveCfg = Release|Any CPU
		{11C6C417-F5CB-41A2-966D-FA4DF0495283}.AppStore|x64.Build.0 = Release|Any CPU
		{11C6C417-F5CB-41A2-966D-FA4DF0495283}.AppStore|x86.ActiveCfg = Release|Any CPU
		{11C6C417-F5CB-41A2-966D-FA4DF0495283}.AppStore|x86.Build.0 = Release|Any CPU
		{11C6C417-F5CB-41A2-966D-FA4DF0495283}.Debug|Any CPU.ActiveCfg = Debug|Any CPU
		{11C6C417-F5CB-41A2-966D-FA4DF0495283}.Debug|Any CPU.Build.0 = Debug|Any CPU
		{11C6C417-F5CB-41A2-966D-FA4DF0495283}.Debug|ARM.ActiveCfg = Debug|Any CPU
		{11C6C417-F5CB-41A2-966D-FA4DF0495283}.Debug|ARM.Build.0 = Debug|Any CPU
		{11C6C417-F5CB-41A2-966D-FA4DF0495283}.Debug|iPhone.ActiveCfg = Debug|Any CPU
		{11C6C417-F5CB-41A2-966D-FA4DF0495283}.Debug|iPhone.Build.0 = Debug|Any CPU
		{11C6C417-F5CB-41A2-966D-FA4DF0495283}.Debug|iPhoneSimulator.ActiveCfg = Debug|Any CPU
		{11C6C417-F5CB-41A2-966D-FA4DF0495283}.Debug|iPhoneSimulator.Build.0 = Debug|Any CPU
		{11C6C417-F5CB-41A2-966D-FA4DF0495283}.Debug|x64.ActiveCfg = Debug|Any CPU
		{11C6C417-F5CB-41A2-966D-FA4DF0495283}.Debug|x64.Build.0 = Debug|Any CPU
		{11C6C417-F5CB-41A2-966D-FA4DF0495283}.Debug|x86.ActiveCfg = Debug|Any CPU
		{11C6C417-F5CB-41A2-966D-FA4DF0495283}.Debug|x86.Build.0 = Debug|Any CPU
		{11C6C417-F5CB-41A2-966D-FA4DF0495283}.iOS Release|Any CPU.ActiveCfg = Release|Any CPU
		{11C6C417-F5CB-41A2-966D-FA4DF0495283}.iOS Release|Any CPU.Build.0 = Release|Any CPU
		{11C6C417-F5CB-41A2-966D-FA4DF0495283}.iOS Release|ARM.ActiveCfg = Release|Any CPU
		{11C6C417-F5CB-41A2-966D-FA4DF0495283}.iOS Release|ARM.Build.0 = Release|Any CPU
		{11C6C417-F5CB-41A2-966D-FA4DF0495283}.iOS Release|iPhone.ActiveCfg = Release|Any CPU
		{11C6C417-F5CB-41A2-966D-FA4DF0495283}.iOS Release|iPhone.Build.0 = Release|Any CPU
		{11C6C417-F5CB-41A2-966D-FA4DF0495283}.iOS Release|iPhoneSimulator.ActiveCfg = Release|Any CPU
		{11C6C417-F5CB-41A2-966D-FA4DF0495283}.iOS Release|iPhoneSimulator.Build.0 = Release|Any CPU
		{11C6C417-F5CB-41A2-966D-FA4DF0495283}.iOS Release|x64.ActiveCfg = Release|Any CPU
		{11C6C417-F5CB-41A2-966D-FA4DF0495283}.iOS Release|x64.Build.0 = Release|Any CPU
		{11C6C417-F5CB-41A2-966D-FA4DF0495283}.iOS Release|x86.ActiveCfg = Release|Any CPU
		{11C6C417-F5CB-41A2-966D-FA4DF0495283}.iOS Release|x86.Build.0 = Release|Any CPU
		{11C6C417-F5CB-41A2-966D-FA4DF0495283}.Release|Any CPU.ActiveCfg = Release|Any CPU
		{11C6C417-F5CB-41A2-966D-FA4DF0495283}.Release|Any CPU.Build.0 = Release|Any CPU
		{11C6C417-F5CB-41A2-966D-FA4DF0495283}.Release|ARM.ActiveCfg = Release|Any CPU
		{11C6C417-F5CB-41A2-966D-FA4DF0495283}.Release|ARM.Build.0 = Release|Any CPU
		{11C6C417-F5CB-41A2-966D-FA4DF0495283}.Release|iPhone.ActiveCfg = Release|Any CPU
		{11C6C417-F5CB-41A2-966D-FA4DF0495283}.Release|iPhone.Build.0 = Release|Any CPU
		{11C6C417-F5CB-41A2-966D-FA4DF0495283}.Release|iPhoneSimulator.ActiveCfg = Release|Any CPU
		{11C6C417-F5CB-41A2-966D-FA4DF0495283}.Release|iPhoneSimulator.Build.0 = Release|Any CPU
		{11C6C417-F5CB-41A2-966D-FA4DF0495283}.Release|x64.ActiveCfg = Release|Any CPU
		{11C6C417-F5CB-41A2-966D-FA4DF0495283}.Release|x64.Build.0 = Release|Any CPU
		{11C6C417-F5CB-41A2-966D-FA4DF0495283}.Release|x86.ActiveCfg = Release|Any CPU
		{11C6C417-F5CB-41A2-966D-FA4DF0495283}.Release|x86.Build.0 = Release|Any CPU
		{3E7D2D19-F218-4E95-BDBC-1DE91A758EB4}.Ad-Hoc|Any CPU.ActiveCfg = Release|Any CPU
		{3E7D2D19-F218-4E95-BDBC-1DE91A758EB4}.Ad-Hoc|Any CPU.Build.0 = Release|Any CPU
		{3E7D2D19-F218-4E95-BDBC-1DE91A758EB4}.Ad-Hoc|ARM.ActiveCfg = Release|Any CPU
		{3E7D2D19-F218-4E95-BDBC-1DE91A758EB4}.Ad-Hoc|ARM.Build.0 = Release|Any CPU
		{3E7D2D19-F218-4E95-BDBC-1DE91A758EB4}.Ad-Hoc|iPhone.ActiveCfg = Release|Any CPU
		{3E7D2D19-F218-4E95-BDBC-1DE91A758EB4}.Ad-Hoc|iPhone.Build.0 = Release|Any CPU
		{3E7D2D19-F218-4E95-BDBC-1DE91A758EB4}.Ad-Hoc|iPhoneSimulator.ActiveCfg = Release|Any CPU
		{3E7D2D19-F218-4E95-BDBC-1DE91A758EB4}.Ad-Hoc|iPhoneSimulator.Build.0 = Release|Any CPU
		{3E7D2D19-F218-4E95-BDBC-1DE91A758EB4}.Ad-Hoc|x64.ActiveCfg = Release|Any CPU
		{3E7D2D19-F218-4E95-BDBC-1DE91A758EB4}.Ad-Hoc|x64.Build.0 = Release|Any CPU
		{3E7D2D19-F218-4E95-BDBC-1DE91A758EB4}.Ad-Hoc|x86.ActiveCfg = Release|Any CPU
		{3E7D2D19-F218-4E95-BDBC-1DE91A758EB4}.Ad-Hoc|x86.Build.0 = Release|Any CPU
		{3E7D2D19-F218-4E95-BDBC-1DE91A758EB4}.AppStore|Any CPU.ActiveCfg = Release|Any CPU
		{3E7D2D19-F218-4E95-BDBC-1DE91A758EB4}.AppStore|Any CPU.Build.0 = Release|Any CPU
		{3E7D2D19-F218-4E95-BDBC-1DE91A758EB4}.AppStore|ARM.ActiveCfg = Release|Any CPU
		{3E7D2D19-F218-4E95-BDBC-1DE91A758EB4}.AppStore|ARM.Build.0 = Release|Any CPU
		{3E7D2D19-F218-4E95-BDBC-1DE91A758EB4}.AppStore|iPhone.ActiveCfg = Release|Any CPU
		{3E7D2D19-F218-4E95-BDBC-1DE91A758EB4}.AppStore|iPhone.Build.0 = Release|Any CPU
		{3E7D2D19-F218-4E95-BDBC-1DE91A758EB4}.AppStore|iPhoneSimulator.ActiveCfg = Release|Any CPU
		{3E7D2D19-F218-4E95-BDBC-1DE91A758EB4}.AppStore|iPhoneSimulator.Build.0 = Release|Any CPU
		{3E7D2D19-F218-4E95-BDBC-1DE91A758EB4}.AppStore|x64.ActiveCfg = Release|Any CPU
		{3E7D2D19-F218-4E95-BDBC-1DE91A758EB4}.AppStore|x64.Build.0 = Release|Any CPU
		{3E7D2D19-F218-4E95-BDBC-1DE91A758EB4}.AppStore|x86.ActiveCfg = Release|Any CPU
		{3E7D2D19-F218-4E95-BDBC-1DE91A758EB4}.AppStore|x86.Build.0 = Release|Any CPU
		{3E7D2D19-F218-4E95-BDBC-1DE91A758EB4}.Debug|Any CPU.ActiveCfg = Debug|Any CPU
		{3E7D2D19-F218-4E95-BDBC-1DE91A758EB4}.Debug|Any CPU.Build.0 = Debug|Any CPU
		{3E7D2D19-F218-4E95-BDBC-1DE91A758EB4}.Debug|ARM.ActiveCfg = Debug|Any CPU
		{3E7D2D19-F218-4E95-BDBC-1DE91A758EB4}.Debug|ARM.Build.0 = Debug|Any CPU
		{3E7D2D19-F218-4E95-BDBC-1DE91A758EB4}.Debug|iPhone.ActiveCfg = Debug|Any CPU
		{3E7D2D19-F218-4E95-BDBC-1DE91A758EB4}.Debug|iPhone.Build.0 = Debug|Any CPU
		{3E7D2D19-F218-4E95-BDBC-1DE91A758EB4}.Debug|iPhoneSimulator.ActiveCfg = Debug|Any CPU
		{3E7D2D19-F218-4E95-BDBC-1DE91A758EB4}.Debug|iPhoneSimulator.Build.0 = Debug|Any CPU
		{3E7D2D19-F218-4E95-BDBC-1DE91A758EB4}.Debug|x64.ActiveCfg = Debug|Any CPU
		{3E7D2D19-F218-4E95-BDBC-1DE91A758EB4}.Debug|x64.Build.0 = Debug|Any CPU
		{3E7D2D19-F218-4E95-BDBC-1DE91A758EB4}.Debug|x86.ActiveCfg = Debug|Any CPU
		{3E7D2D19-F218-4E95-BDBC-1DE91A758EB4}.Debug|x86.Build.0 = Debug|Any CPU
		{3E7D2D19-F218-4E95-BDBC-1DE91A758EB4}.iOS Release|Any CPU.ActiveCfg = Release|Any CPU
		{3E7D2D19-F218-4E95-BDBC-1DE91A758EB4}.iOS Release|Any CPU.Build.0 = Release|Any CPU
		{3E7D2D19-F218-4E95-BDBC-1DE91A758EB4}.iOS Release|ARM.ActiveCfg = Release|Any CPU
		{3E7D2D19-F218-4E95-BDBC-1DE91A758EB4}.iOS Release|ARM.Build.0 = Release|Any CPU
		{3E7D2D19-F218-4E95-BDBC-1DE91A758EB4}.iOS Release|iPhone.ActiveCfg = Release|Any CPU
		{3E7D2D19-F218-4E95-BDBC-1DE91A758EB4}.iOS Release|iPhone.Build.0 = Release|Any CPU
		{3E7D2D19-F218-4E95-BDBC-1DE91A758EB4}.iOS Release|iPhoneSimulator.ActiveCfg = Release|Any CPU
		{3E7D2D19-F218-4E95-BDBC-1DE91A758EB4}.iOS Release|iPhoneSimulator.Build.0 = Release|Any CPU
		{3E7D2D19-F218-4E95-BDBC-1DE91A758EB4}.iOS Release|x64.ActiveCfg = Release|Any CPU
		{3E7D2D19-F218-4E95-BDBC-1DE91A758EB4}.iOS Release|x64.Build.0 = Release|Any CPU
		{3E7D2D19-F218-4E95-BDBC-1DE91A758EB4}.iOS Release|x86.ActiveCfg = Release|Any CPU
		{3E7D2D19-F218-4E95-BDBC-1DE91A758EB4}.iOS Release|x86.Build.0 = Release|Any CPU
		{3E7D2D19-F218-4E95-BDBC-1DE91A758EB4}.Release|Any CPU.ActiveCfg = Release|Any CPU
		{3E7D2D19-F218-4E95-BDBC-1DE91A758EB4}.Release|Any CPU.Build.0 = Release|Any CPU
		{3E7D2D19-F218-4E95-BDBC-1DE91A758EB4}.Release|ARM.ActiveCfg = Release|Any CPU
		{3E7D2D19-F218-4E95-BDBC-1DE91A758EB4}.Release|ARM.Build.0 = Release|Any CPU
		{3E7D2D19-F218-4E95-BDBC-1DE91A758EB4}.Release|iPhone.ActiveCfg = Release|Any CPU
		{3E7D2D19-F218-4E95-BDBC-1DE91A758EB4}.Release|iPhone.Build.0 = Release|Any CPU
		{3E7D2D19-F218-4E95-BDBC-1DE91A758EB4}.Release|iPhoneSimulator.ActiveCfg = Release|Any CPU
		{3E7D2D19-F218-4E95-BDBC-1DE91A758EB4}.Release|iPhoneSimulator.Build.0 = Release|Any CPU
		{3E7D2D19-F218-4E95-BDBC-1DE91A758EB4}.Release|x64.ActiveCfg = Release|Any CPU
		{3E7D2D19-F218-4E95-BDBC-1DE91A758EB4}.Release|x64.Build.0 = Release|Any CPU
		{3E7D2D19-F218-4E95-BDBC-1DE91A758EB4}.Release|x86.ActiveCfg = Release|Any CPU
		{3E7D2D19-F218-4E95-BDBC-1DE91A758EB4}.Release|x86.Build.0 = Release|Any CPU
		{8EDF4429-251A-416D-BB68-93F227191BCF}.Ad-Hoc|Any CPU.ActiveCfg = Release|Any CPU
		{8EDF4429-251A-416D-BB68-93F227191BCF}.Ad-Hoc|Any CPU.Build.0 = Release|Any CPU
		{8EDF4429-251A-416D-BB68-93F227191BCF}.Ad-Hoc|ARM.ActiveCfg = Release|Any CPU
		{8EDF4429-251A-416D-BB68-93F227191BCF}.Ad-Hoc|ARM.Build.0 = Release|Any CPU
		{8EDF4429-251A-416D-BB68-93F227191BCF}.Ad-Hoc|iPhone.ActiveCfg = Release|Any CPU
		{8EDF4429-251A-416D-BB68-93F227191BCF}.Ad-Hoc|iPhone.Build.0 = Release|Any CPU
		{8EDF4429-251A-416D-BB68-93F227191BCF}.Ad-Hoc|iPhoneSimulator.ActiveCfg = Release|Any CPU
		{8EDF4429-251A-416D-BB68-93F227191BCF}.Ad-Hoc|iPhoneSimulator.Build.0 = Release|Any CPU
		{8EDF4429-251A-416D-BB68-93F227191BCF}.Ad-Hoc|x64.ActiveCfg = Release|Any CPU
		{8EDF4429-251A-416D-BB68-93F227191BCF}.Ad-Hoc|x64.Build.0 = Release|Any CPU
		{8EDF4429-251A-416D-BB68-93F227191BCF}.Ad-Hoc|x86.ActiveCfg = Release|Any CPU
		{8EDF4429-251A-416D-BB68-93F227191BCF}.Ad-Hoc|x86.Build.0 = Release|Any CPU
		{8EDF4429-251A-416D-BB68-93F227191BCF}.AppStore|Any CPU.ActiveCfg = Release|Any CPU
		{8EDF4429-251A-416D-BB68-93F227191BCF}.AppStore|Any CPU.Build.0 = Release|Any CPU
		{8EDF4429-251A-416D-BB68-93F227191BCF}.AppStore|ARM.ActiveCfg = Release|Any CPU
		{8EDF4429-251A-416D-BB68-93F227191BCF}.AppStore|ARM.Build.0 = Release|Any CPU
		{8EDF4429-251A-416D-BB68-93F227191BCF}.AppStore|iPhone.ActiveCfg = Release|Any CPU
		{8EDF4429-251A-416D-BB68-93F227191BCF}.AppStore|iPhone.Build.0 = Release|Any CPU
		{8EDF4429-251A-416D-BB68-93F227191BCF}.AppStore|iPhoneSimulator.ActiveCfg = Release|Any CPU
		{8EDF4429-251A-416D-BB68-93F227191BCF}.AppStore|iPhoneSimulator.Build.0 = Release|Any CPU
		{8EDF4429-251A-416D-BB68-93F227191BCF}.AppStore|x64.ActiveCfg = Release|Any CPU
		{8EDF4429-251A-416D-BB68-93F227191BCF}.AppStore|x64.Build.0 = Release|Any CPU
		{8EDF4429-251A-416D-BB68-93F227191BCF}.AppStore|x86.ActiveCfg = Release|Any CPU
		{8EDF4429-251A-416D-BB68-93F227191BCF}.AppStore|x86.Build.0 = Release|Any CPU
		{8EDF4429-251A-416D-BB68-93F227191BCF}.Debug|Any CPU.ActiveCfg = Debug|Any CPU
		{8EDF4429-251A-416D-BB68-93F227191BCF}.Debug|Any CPU.Build.0 = Debug|Any CPU
		{8EDF4429-251A-416D-BB68-93F227191BCF}.Debug|ARM.ActiveCfg = Debug|Any CPU
		{8EDF4429-251A-416D-BB68-93F227191BCF}.Debug|ARM.Build.0 = Debug|Any CPU
		{8EDF4429-251A-416D-BB68-93F227191BCF}.Debug|iPhone.ActiveCfg = Debug|Any CPU
		{8EDF4429-251A-416D-BB68-93F227191BCF}.Debug|iPhone.Build.0 = Debug|Any CPU
		{8EDF4429-251A-416D-BB68-93F227191BCF}.Debug|iPhoneSimulator.ActiveCfg = Debug|Any CPU
		{8EDF4429-251A-416D-BB68-93F227191BCF}.Debug|iPhoneSimulator.Build.0 = Debug|Any CPU
		{8EDF4429-251A-416D-BB68-93F227191BCF}.Debug|x64.ActiveCfg = Debug|Any CPU
		{8EDF4429-251A-416D-BB68-93F227191BCF}.Debug|x64.Build.0 = Debug|Any CPU
		{8EDF4429-251A-416D-BB68-93F227191BCF}.Debug|x86.ActiveCfg = Debug|Any CPU
		{8EDF4429-251A-416D-BB68-93F227191BCF}.Debug|x86.Build.0 = Debug|Any CPU
		{8EDF4429-251A-416D-BB68-93F227191BCF}.iOS Release|Any CPU.ActiveCfg = Release|Any CPU
		{8EDF4429-251A-416D-BB68-93F227191BCF}.iOS Release|Any CPU.Build.0 = Release|Any CPU
		{8EDF4429-251A-416D-BB68-93F227191BCF}.iOS Release|ARM.ActiveCfg = Release|Any CPU
		{8EDF4429-251A-416D-BB68-93F227191BCF}.iOS Release|ARM.Build.0 = Release|Any CPU
		{8EDF4429-251A-416D-BB68-93F227191BCF}.iOS Release|iPhone.ActiveCfg = Release|Any CPU
		{8EDF4429-251A-416D-BB68-93F227191BCF}.iOS Release|iPhone.Build.0 = Release|Any CPU
		{8EDF4429-251A-416D-BB68-93F227191BCF}.iOS Release|iPhoneSimulator.ActiveCfg = Release|Any CPU
		{8EDF4429-251A-416D-BB68-93F227191BCF}.iOS Release|iPhoneSimulator.Build.0 = Release|Any CPU
		{8EDF4429-251A-416D-BB68-93F227191BCF}.iOS Release|x64.ActiveCfg = Release|Any CPU
		{8EDF4429-251A-416D-BB68-93F227191BCF}.iOS Release|x64.Build.0 = Release|Any CPU
		{8EDF4429-251A-416D-BB68-93F227191BCF}.iOS Release|x86.ActiveCfg = Release|Any CPU
		{8EDF4429-251A-416D-BB68-93F227191BCF}.iOS Release|x86.Build.0 = Release|Any CPU
		{8EDF4429-251A-416D-BB68-93F227191BCF}.Release|Any CPU.ActiveCfg = Release|Any CPU
		{8EDF4429-251A-416D-BB68-93F227191BCF}.Release|Any CPU.Build.0 = Release|Any CPU
		{8EDF4429-251A-416D-BB68-93F227191BCF}.Release|ARM.ActiveCfg = Release|Any CPU
		{8EDF4429-251A-416D-BB68-93F227191BCF}.Release|ARM.Build.0 = Release|Any CPU
		{8EDF4429-251A-416D-BB68-93F227191BCF}.Release|iPhone.ActiveCfg = Release|Any CPU
		{8EDF4429-251A-416D-BB68-93F227191BCF}.Release|iPhone.Build.0 = Release|Any CPU
		{8EDF4429-251A-416D-BB68-93F227191BCF}.Release|iPhoneSimulator.ActiveCfg = Release|Any CPU
		{8EDF4429-251A-416D-BB68-93F227191BCF}.Release|iPhoneSimulator.Build.0 = Release|Any CPU
		{8EDF4429-251A-416D-BB68-93F227191BCF}.Release|x64.ActiveCfg = Release|Any CPU
		{8EDF4429-251A-416D-BB68-93F227191BCF}.Release|x64.Build.0 = Release|Any CPU
		{8EDF4429-251A-416D-BB68-93F227191BCF}.Release|x86.ActiveCfg = Release|Any CPU
		{8EDF4429-251A-416D-BB68-93F227191BCF}.Release|x86.Build.0 = Release|Any CPU
		{95D363CC-041C-461F-A4FF-92BDB71E5C15}.Ad-Hoc|Any CPU.ActiveCfg = Release|Any CPU
		{95D363CC-041C-461F-A4FF-92BDB71E5C15}.Ad-Hoc|Any CPU.Build.0 = Release|Any CPU
		{95D363CC-041C-461F-A4FF-92BDB71E5C15}.Ad-Hoc|ARM.ActiveCfg = Release|Any CPU
		{95D363CC-041C-461F-A4FF-92BDB71E5C15}.Ad-Hoc|ARM.Build.0 = Release|Any CPU
		{95D363CC-041C-461F-A4FF-92BDB71E5C15}.Ad-Hoc|iPhone.ActiveCfg = Release|Any CPU
		{95D363CC-041C-461F-A4FF-92BDB71E5C15}.Ad-Hoc|iPhone.Build.0 = Release|Any CPU
		{95D363CC-041C-461F-A4FF-92BDB71E5C15}.Ad-Hoc|iPhoneSimulator.ActiveCfg = Release|Any CPU
		{95D363CC-041C-461F-A4FF-92BDB71E5C15}.Ad-Hoc|iPhoneSimulator.Build.0 = Release|Any CPU
		{95D363CC-041C-461F-A4FF-92BDB71E5C15}.Ad-Hoc|x64.ActiveCfg = Release|Any CPU
		{95D363CC-041C-461F-A4FF-92BDB71E5C15}.Ad-Hoc|x64.Build.0 = Release|Any CPU
		{95D363CC-041C-461F-A4FF-92BDB71E5C15}.Ad-Hoc|x86.ActiveCfg = Release|Any CPU
		{95D363CC-041C-461F-A4FF-92BDB71E5C15}.Ad-Hoc|x86.Build.0 = Release|Any CPU
		{95D363CC-041C-461F-A4FF-92BDB71E5C15}.AppStore|Any CPU.ActiveCfg = Release|Any CPU
		{95D363CC-041C-461F-A4FF-92BDB71E5C15}.AppStore|Any CPU.Build.0 = Release|Any CPU
		{95D363CC-041C-461F-A4FF-92BDB71E5C15}.AppStore|ARM.ActiveCfg = Release|Any CPU
		{95D363CC-041C-461F-A4FF-92BDB71E5C15}.AppStore|ARM.Build.0 = Release|Any CPU
		{95D363CC-041C-461F-A4FF-92BDB71E5C15}.AppStore|iPhone.ActiveCfg = Release|Any CPU
		{95D363CC-041C-461F-A4FF-92BDB71E5C15}.AppStore|iPhone.Build.0 = Release|Any CPU
		{95D363CC-041C-461F-A4FF-92BDB71E5C15}.AppStore|iPhoneSimulator.ActiveCfg = Release|Any CPU
		{95D363CC-041C-461F-A4FF-92BDB71E5C15}.AppStore|iPhoneSimulator.Build.0 = Release|Any CPU
		{95D363CC-041C-461F-A4FF-92BDB71E5C15}.AppStore|x64.ActiveCfg = Release|Any CPU
		{95D363CC-041C-461F-A4FF-92BDB71E5C15}.AppStore|x64.Build.0 = Release|Any CPU
		{95D363CC-041C-461F-A4FF-92BDB71E5C15}.AppStore|x86.ActiveCfg = Release|Any CPU
		{95D363CC-041C-461F-A4FF-92BDB71E5C15}.AppStore|x86.Build.0 = Release|Any CPU
		{95D363CC-041C-461F-A4FF-92BDB71E5C15}.Debug|Any CPU.ActiveCfg = Debug|Any CPU
		{95D363CC-041C-461F-A4FF-92BDB71E5C15}.Debug|Any CPU.Build.0 = Debug|Any CPU
		{95D363CC-041C-461F-A4FF-92BDB71E5C15}.Debug|ARM.ActiveCfg = Debug|Any CPU
		{95D363CC-041C-461F-A4FF-92BDB71E5C15}.Debug|ARM.Build.0 = Debug|Any CPU
		{95D363CC-041C-461F-A4FF-92BDB71E5C15}.Debug|iPhone.ActiveCfg = Debug|Any CPU
		{95D363CC-041C-461F-A4FF-92BDB71E5C15}.Debug|iPhone.Build.0 = Debug|Any CPU
		{95D363CC-041C-461F-A4FF-92BDB71E5C15}.Debug|iPhoneSimulator.ActiveCfg = Debug|Any CPU
		{95D363CC-041C-461F-A4FF-92BDB71E5C15}.Debug|iPhoneSimulator.Build.0 = Debug|Any CPU
		{95D363CC-041C-461F-A4FF-92BDB71E5C15}.Debug|x64.ActiveCfg = Debug|Any CPU
		{95D363CC-041C-461F-A4FF-92BDB71E5C15}.Debug|x64.Build.0 = Debug|Any CPU
		{95D363CC-041C-461F-A4FF-92BDB71E5C15}.Debug|x86.ActiveCfg = Debug|Any CPU
		{95D363CC-041C-461F-A4FF-92BDB71E5C15}.Debug|x86.Build.0 = Debug|Any CPU
		{95D363CC-041C-461F-A4FF-92BDB71E5C15}.iOS Release|Any CPU.ActiveCfg = Release|Any CPU
		{95D363CC-041C-461F-A4FF-92BDB71E5C15}.iOS Release|Any CPU.Build.0 = Release|Any CPU
		{95D363CC-041C-461F-A4FF-92BDB71E5C15}.iOS Release|ARM.ActiveCfg = Release|Any CPU
		{95D363CC-041C-461F-A4FF-92BDB71E5C15}.iOS Release|ARM.Build.0 = Release|Any CPU
		{95D363CC-041C-461F-A4FF-92BDB71E5C15}.iOS Release|iPhone.ActiveCfg = Release|Any CPU
		{95D363CC-041C-461F-A4FF-92BDB71E5C15}.iOS Release|iPhone.Build.0 = Release|Any CPU
		{95D363CC-041C-461F-A4FF-92BDB71E5C15}.iOS Release|iPhoneSimulator.ActiveCfg = Release|Any CPU
		{95D363CC-041C-461F-A4FF-92BDB71E5C15}.iOS Release|iPhoneSimulator.Build.0 = Release|Any CPU
		{95D363CC-041C-461F-A4FF-92BDB71E5C15}.iOS Release|x64.ActiveCfg = Release|Any CPU
		{95D363CC-041C-461F-A4FF-92BDB71E5C15}.iOS Release|x64.Build.0 = Release|Any CPU
		{95D363CC-041C-461F-A4FF-92BDB71E5C15}.iOS Release|x86.ActiveCfg = Release|Any CPU
		{95D363CC-041C-461F-A4FF-92BDB71E5C15}.iOS Release|x86.Build.0 = Release|Any CPU
		{95D363CC-041C-461F-A4FF-92BDB71E5C15}.Release|Any CPU.ActiveCfg = Release|Any CPU
		{95D363CC-041C-461F-A4FF-92BDB71E5C15}.Release|Any CPU.Build.0 = Release|Any CPU
		{95D363CC-041C-461F-A4FF-92BDB71E5C15}.Release|ARM.ActiveCfg = Release|Any CPU
		{95D363CC-041C-461F-A4FF-92BDB71E5C15}.Release|ARM.Build.0 = Release|Any CPU
		{95D363CC-041C-461F-A4FF-92BDB71E5C15}.Release|iPhone.ActiveCfg = Release|Any CPU
		{95D363CC-041C-461F-A4FF-92BDB71E5C15}.Release|iPhone.Build.0 = Release|Any CPU
		{95D363CC-041C-461F-A4FF-92BDB71E5C15}.Release|iPhoneSimulator.ActiveCfg = Release|Any CPU
		{95D363CC-041C-461F-A4FF-92BDB71E5C15}.Release|iPhoneSimulator.Build.0 = Release|Any CPU
		{95D363CC-041C-461F-A4FF-92BDB71E5C15}.Release|x64.ActiveCfg = Release|Any CPU
		{95D363CC-041C-461F-A4FF-92BDB71E5C15}.Release|x64.Build.0 = Release|Any CPU
		{95D363CC-041C-461F-A4FF-92BDB71E5C15}.Release|x86.ActiveCfg = Release|Any CPU
		{95D363CC-041C-461F-A4FF-92BDB71E5C15}.Release|x86.Build.0 = Release|Any CPU
		{FEAD2939-2CB8-49C3-B046-3F3F15DD17B0}.Ad-Hoc|Any CPU.ActiveCfg = Release|Any CPU
		{FEAD2939-2CB8-49C3-B046-3F3F15DD17B0}.Ad-Hoc|Any CPU.Build.0 = Release|Any CPU
		{FEAD2939-2CB8-49C3-B046-3F3F15DD17B0}.Ad-Hoc|ARM.ActiveCfg = Release|Any CPU
		{FEAD2939-2CB8-49C3-B046-3F3F15DD17B0}.Ad-Hoc|ARM.Build.0 = Release|Any CPU
		{FEAD2939-2CB8-49C3-B046-3F3F15DD17B0}.Ad-Hoc|iPhone.ActiveCfg = Release|Any CPU
		{FEAD2939-2CB8-49C3-B046-3F3F15DD17B0}.Ad-Hoc|iPhone.Build.0 = Release|Any CPU
		{FEAD2939-2CB8-49C3-B046-3F3F15DD17B0}.Ad-Hoc|iPhoneSimulator.ActiveCfg = Release|Any CPU
		{FEAD2939-2CB8-49C3-B046-3F3F15DD17B0}.Ad-Hoc|iPhoneSimulator.Build.0 = Release|Any CPU
		{FEAD2939-2CB8-49C3-B046-3F3F15DD17B0}.Ad-Hoc|x64.ActiveCfg = Release|Any CPU
		{FEAD2939-2CB8-49C3-B046-3F3F15DD17B0}.Ad-Hoc|x64.Build.0 = Release|Any CPU
		{FEAD2939-2CB8-49C3-B046-3F3F15DD17B0}.Ad-Hoc|x86.ActiveCfg = Release|Any CPU
		{FEAD2939-2CB8-49C3-B046-3F3F15DD17B0}.Ad-Hoc|x86.Build.0 = Release|Any CPU
		{FEAD2939-2CB8-49C3-B046-3F3F15DD17B0}.AppStore|Any CPU.ActiveCfg = Release|Any CPU
		{FEAD2939-2CB8-49C3-B046-3F3F15DD17B0}.AppStore|Any CPU.Build.0 = Release|Any CPU
		{FEAD2939-2CB8-49C3-B046-3F3F15DD17B0}.AppStore|ARM.ActiveCfg = Release|Any CPU
		{FEAD2939-2CB8-49C3-B046-3F3F15DD17B0}.AppStore|ARM.Build.0 = Release|Any CPU
		{FEAD2939-2CB8-49C3-B046-3F3F15DD17B0}.AppStore|iPhone.ActiveCfg = Release|Any CPU
		{FEAD2939-2CB8-49C3-B046-3F3F15DD17B0}.AppStore|iPhone.Build.0 = Release|Any CPU
		{FEAD2939-2CB8-49C3-B046-3F3F15DD17B0}.AppStore|iPhoneSimulator.ActiveCfg = Release|Any CPU
		{FEAD2939-2CB8-49C3-B046-3F3F15DD17B0}.AppStore|iPhoneSimulator.Build.0 = Release|Any CPU
		{FEAD2939-2CB8-49C3-B046-3F3F15DD17B0}.AppStore|x64.ActiveCfg = Release|Any CPU
		{FEAD2939-2CB8-49C3-B046-3F3F15DD17B0}.AppStore|x64.Build.0 = Release|Any CPU
		{FEAD2939-2CB8-49C3-B046-3F3F15DD17B0}.AppStore|x86.ActiveCfg = Release|Any CPU
		{FEAD2939-2CB8-49C3-B046-3F3F15DD17B0}.AppStore|x86.Build.0 = Release|Any CPU
		{FEAD2939-2CB8-49C3-B046-3F3F15DD17B0}.Debug|Any CPU.ActiveCfg = Debug|Any CPU
		{FEAD2939-2CB8-49C3-B046-3F3F15DD17B0}.Debug|Any CPU.Build.0 = Debug|Any CPU
		{FEAD2939-2CB8-49C3-B046-3F3F15DD17B0}.Debug|ARM.ActiveCfg = Debug|Any CPU
		{FEAD2939-2CB8-49C3-B046-3F3F15DD17B0}.Debug|ARM.Build.0 = Debug|Any CPU
		{FEAD2939-2CB8-49C3-B046-3F3F15DD17B0}.Debug|iPhone.ActiveCfg = Debug|Any CPU
		{FEAD2939-2CB8-49C3-B046-3F3F15DD17B0}.Debug|iPhone.Build.0 = Debug|Any CPU
		{FEAD2939-2CB8-49C3-B046-3F3F15DD17B0}.Debug|iPhoneSimulator.ActiveCfg = Debug|Any CPU
		{FEAD2939-2CB8-49C3-B046-3F3F15DD17B0}.Debug|iPhoneSimulator.Build.0 = Debug|Any CPU
		{FEAD2939-2CB8-49C3-B046-3F3F15DD17B0}.Debug|x64.ActiveCfg = Debug|Any CPU
		{FEAD2939-2CB8-49C3-B046-3F3F15DD17B0}.Debug|x64.Build.0 = Debug|Any CPU
		{FEAD2939-2CB8-49C3-B046-3F3F15DD17B0}.Debug|x86.ActiveCfg = Debug|Any CPU
		{FEAD2939-2CB8-49C3-B046-3F3F15DD17B0}.Debug|x86.Build.0 = Debug|Any CPU
		{FEAD2939-2CB8-49C3-B046-3F3F15DD17B0}.iOS Release|Any CPU.ActiveCfg = Release|Any CPU
		{FEAD2939-2CB8-49C3-B046-3F3F15DD17B0}.iOS Release|Any CPU.Build.0 = Release|Any CPU
		{FEAD2939-2CB8-49C3-B046-3F3F15DD17B0}.iOS Release|ARM.ActiveCfg = Release|Any CPU
		{FEAD2939-2CB8-49C3-B046-3F3F15DD17B0}.iOS Release|ARM.Build.0 = Release|Any CPU
		{FEAD2939-2CB8-49C3-B046-3F3F15DD17B0}.iOS Release|iPhone.ActiveCfg = Release|Any CPU
		{FEAD2939-2CB8-49C3-B046-3F3F15DD17B0}.iOS Release|iPhone.Build.0 = Release|Any CPU
		{FEAD2939-2CB8-49C3-B046-3F3F15DD17B0}.iOS Release|iPhoneSimulator.ActiveCfg = Release|Any CPU
		{FEAD2939-2CB8-49C3-B046-3F3F15DD17B0}.iOS Release|iPhoneSimulator.Build.0 = Release|Any CPU
		{FEAD2939-2CB8-49C3-B046-3F3F15DD17B0}.iOS Release|x64.ActiveCfg = Release|Any CPU
		{FEAD2939-2CB8-49C3-B046-3F3F15DD17B0}.iOS Release|x64.Build.0 = Release|Any CPU
		{FEAD2939-2CB8-49C3-B046-3F3F15DD17B0}.iOS Release|x86.ActiveCfg = Release|Any CPU
		{FEAD2939-2CB8-49C3-B046-3F3F15DD17B0}.iOS Release|x86.Build.0 = Release|Any CPU
		{FEAD2939-2CB8-49C3-B046-3F3F15DD17B0}.Release|Any CPU.ActiveCfg = Release|Any CPU
		{FEAD2939-2CB8-49C3-B046-3F3F15DD17B0}.Release|Any CPU.Build.0 = Release|Any CPU
		{FEAD2939-2CB8-49C3-B046-3F3F15DD17B0}.Release|ARM.ActiveCfg = Release|Any CPU
		{FEAD2939-2CB8-49C3-B046-3F3F15DD17B0}.Release|ARM.Build.0 = Release|Any CPU
		{FEAD2939-2CB8-49C3-B046-3F3F15DD17B0}.Release|iPhone.ActiveCfg = Release|Any CPU
		{FEAD2939-2CB8-49C3-B046-3F3F15DD17B0}.Release|iPhone.Build.0 = Release|Any CPU
		{FEAD2939-2CB8-49C3-B046-3F3F15DD17B0}.Release|iPhoneSimulator.ActiveCfg = Release|Any CPU
		{FEAD2939-2CB8-49C3-B046-3F3F15DD17B0}.Release|iPhoneSimulator.Build.0 = Release|Any CPU
		{FEAD2939-2CB8-49C3-B046-3F3F15DD17B0}.Release|x64.ActiveCfg = Release|Any CPU
		{FEAD2939-2CB8-49C3-B046-3F3F15DD17B0}.Release|x64.Build.0 = Release|Any CPU
		{FEAD2939-2CB8-49C3-B046-3F3F15DD17B0}.Release|x86.ActiveCfg = Release|Any CPU
		{FEAD2939-2CB8-49C3-B046-3F3F15DD17B0}.Release|x86.Build.0 = Release|Any CPU
		{2E3DF5C2-8A38-4A03-86D7-8D463C917E47}.Ad-Hoc|Any CPU.ActiveCfg = Release|Any CPU
		{2E3DF5C2-8A38-4A03-86D7-8D463C917E47}.Ad-Hoc|Any CPU.Build.0 = Release|Any CPU
		{2E3DF5C2-8A38-4A03-86D7-8D463C917E47}.Ad-Hoc|ARM.ActiveCfg = Release|Any CPU
		{2E3DF5C2-8A38-4A03-86D7-8D463C917E47}.Ad-Hoc|ARM.Build.0 = Release|Any CPU
		{2E3DF5C2-8A38-4A03-86D7-8D463C917E47}.Ad-Hoc|iPhone.ActiveCfg = Release|Any CPU
		{2E3DF5C2-8A38-4A03-86D7-8D463C917E47}.Ad-Hoc|iPhone.Build.0 = Release|Any CPU
		{2E3DF5C2-8A38-4A03-86D7-8D463C917E47}.Ad-Hoc|iPhoneSimulator.ActiveCfg = Release|Any CPU
		{2E3DF5C2-8A38-4A03-86D7-8D463C917E47}.Ad-Hoc|iPhoneSimulator.Build.0 = Release|Any CPU
		{2E3DF5C2-8A38-4A03-86D7-8D463C917E47}.Ad-Hoc|x64.ActiveCfg = Release|Any CPU
		{2E3DF5C2-8A38-4A03-86D7-8D463C917E47}.Ad-Hoc|x64.Build.0 = Release|Any CPU
		{2E3DF5C2-8A38-4A03-86D7-8D463C917E47}.Ad-Hoc|x86.ActiveCfg = Release|Any CPU
		{2E3DF5C2-8A38-4A03-86D7-8D463C917E47}.Ad-Hoc|x86.Build.0 = Release|Any CPU
		{2E3DF5C2-8A38-4A03-86D7-8D463C917E47}.AppStore|Any CPU.ActiveCfg = Release|Any CPU
		{2E3DF5C2-8A38-4A03-86D7-8D463C917E47}.AppStore|Any CPU.Build.0 = Release|Any CPU
		{2E3DF5C2-8A38-4A03-86D7-8D463C917E47}.AppStore|ARM.ActiveCfg = Release|Any CPU
		{2E3DF5C2-8A38-4A03-86D7-8D463C917E47}.AppStore|ARM.Build.0 = Release|Any CPU
		{2E3DF5C2-8A38-4A03-86D7-8D463C917E47}.AppStore|iPhone.ActiveCfg = Release|Any CPU
		{2E3DF5C2-8A38-4A03-86D7-8D463C917E47}.AppStore|iPhone.Build.0 = Release|Any CPU
		{2E3DF5C2-8A38-4A03-86D7-8D463C917E47}.AppStore|iPhoneSimulator.ActiveCfg = Release|Any CPU
		{2E3DF5C2-8A38-4A03-86D7-8D463C917E47}.AppStore|iPhoneSimulator.Build.0 = Release|Any CPU
		{2E3DF5C2-8A38-4A03-86D7-8D463C917E47}.AppStore|x64.ActiveCfg = Release|Any CPU
		{2E3DF5C2-8A38-4A03-86D7-8D463C917E47}.AppStore|x64.Build.0 = Release|Any CPU
		{2E3DF5C2-8A38-4A03-86D7-8D463C917E47}.AppStore|x86.ActiveCfg = Release|Any CPU
		{2E3DF5C2-8A38-4A03-86D7-8D463C917E47}.AppStore|x86.Build.0 = Release|Any CPU
		{2E3DF5C2-8A38-4A03-86D7-8D463C917E47}.Debug|Any CPU.ActiveCfg = Debug|Any CPU
		{2E3DF5C2-8A38-4A03-86D7-8D463C917E47}.Debug|Any CPU.Build.0 = Debug|Any CPU
		{2E3DF5C2-8A38-4A03-86D7-8D463C917E47}.Debug|ARM.ActiveCfg = Debug|Any CPU
		{2E3DF5C2-8A38-4A03-86D7-8D463C917E47}.Debug|ARM.Build.0 = Debug|Any CPU
		{2E3DF5C2-8A38-4A03-86D7-8D463C917E47}.Debug|iPhone.ActiveCfg = Debug|Any CPU
		{2E3DF5C2-8A38-4A03-86D7-8D463C917E47}.Debug|iPhone.Build.0 = Debug|Any CPU
		{2E3DF5C2-8A38-4A03-86D7-8D463C917E47}.Debug|iPhoneSimulator.ActiveCfg = Debug|Any CPU
		{2E3DF5C2-8A38-4A03-86D7-8D463C917E47}.Debug|iPhoneSimulator.Build.0 = Debug|Any CPU
		{2E3DF5C2-8A38-4A03-86D7-8D463C917E47}.Debug|x64.ActiveCfg = Debug|Any CPU
		{2E3DF5C2-8A38-4A03-86D7-8D463C917E47}.Debug|x64.Build.0 = Debug|Any CPU
		{2E3DF5C2-8A38-4A03-86D7-8D463C917E47}.Debug|x86.ActiveCfg = Debug|Any CPU
		{2E3DF5C2-8A38-4A03-86D7-8D463C917E47}.Debug|x86.Build.0 = Debug|Any CPU
		{2E3DF5C2-8A38-4A03-86D7-8D463C917E47}.iOS Release|Any CPU.ActiveCfg = Release|Any CPU
		{2E3DF5C2-8A38-4A03-86D7-8D463C917E47}.iOS Release|Any CPU.Build.0 = Release|Any CPU
		{2E3DF5C2-8A38-4A03-86D7-8D463C917E47}.iOS Release|ARM.ActiveCfg = Release|Any CPU
		{2E3DF5C2-8A38-4A03-86D7-8D463C917E47}.iOS Release|ARM.Build.0 = Release|Any CPU
		{2E3DF5C2-8A38-4A03-86D7-8D463C917E47}.iOS Release|iPhone.ActiveCfg = Release|Any CPU
		{2E3DF5C2-8A38-4A03-86D7-8D463C917E47}.iOS Release|iPhone.Build.0 = Release|Any CPU
		{2E3DF5C2-8A38-4A03-86D7-8D463C917E47}.iOS Release|iPhoneSimulator.ActiveCfg = Release|Any CPU
		{2E3DF5C2-8A38-4A03-86D7-8D463C917E47}.iOS Release|iPhoneSimulator.Build.0 = Release|Any CPU
		{2E3DF5C2-8A38-4A03-86D7-8D463C917E47}.iOS Release|x64.ActiveCfg = Release|Any CPU
		{2E3DF5C2-8A38-4A03-86D7-8D463C917E47}.iOS Release|x64.Build.0 = Release|Any CPU
		{2E3DF5C2-8A38-4A03-86D7-8D463C917E47}.iOS Release|x86.ActiveCfg = Release|Any CPU
		{2E3DF5C2-8A38-4A03-86D7-8D463C917E47}.iOS Release|x86.Build.0 = Release|Any CPU
		{2E3DF5C2-8A38-4A03-86D7-8D463C917E47}.Release|Any CPU.ActiveCfg = Release|Any CPU
		{2E3DF5C2-8A38-4A03-86D7-8D463C917E47}.Release|Any CPU.Build.0 = Release|Any CPU
		{2E3DF5C2-8A38-4A03-86D7-8D463C917E47}.Release|ARM.ActiveCfg = Release|Any CPU
		{2E3DF5C2-8A38-4A03-86D7-8D463C917E47}.Release|ARM.Build.0 = Release|Any CPU
		{2E3DF5C2-8A38-4A03-86D7-8D463C917E47}.Release|iPhone.ActiveCfg = Release|Any CPU
		{2E3DF5C2-8A38-4A03-86D7-8D463C917E47}.Release|iPhone.Build.0 = Release|Any CPU
		{2E3DF5C2-8A38-4A03-86D7-8D463C917E47}.Release|iPhoneSimulator.ActiveCfg = Release|Any CPU
		{2E3DF5C2-8A38-4A03-86D7-8D463C917E47}.Release|iPhoneSimulator.Build.0 = Release|Any CPU
		{2E3DF5C2-8A38-4A03-86D7-8D463C917E47}.Release|x64.ActiveCfg = Release|Any CPU
		{2E3DF5C2-8A38-4A03-86D7-8D463C917E47}.Release|x64.Build.0 = Release|Any CPU
		{2E3DF5C2-8A38-4A03-86D7-8D463C917E47}.Release|x86.ActiveCfg = Release|Any CPU
		{2E3DF5C2-8A38-4A03-86D7-8D463C917E47}.Release|x86.Build.0 = Release|Any CPU
	EndGlobalSection
	GlobalSection(SolutionProperties) = preSolution
		HideSolutionNode = FALSE
	EndGlobalSection
	GlobalSection(NestedProjects) = preSolution
		{19C3BB37-AC84-4FA8-8486-B964785632D2} = {5137B49D-4423-45FB-8ED5-F36F388C46AB}
		{3DE09B8A-772B-4455-A112-89AC3A01B793} = {5137B49D-4423-45FB-8ED5-F36F388C46AB}
		{67F9D3A8-F71E-4428-913F-C37AE82CDB24} = {5137B49D-4423-45FB-8ED5-F36F388C46AB}
		{11C6C417-F5CB-41A2-966D-FA4DF0495283} = {5137B49D-4423-45FB-8ED5-F36F388C46AB}
		{3E7D2D19-F218-4E95-BDBC-1DE91A758EB4} = {5137B49D-4423-45FB-8ED5-F36F388C46AB}
		{8EDF4429-251A-416D-BB68-93F227191BCF} = {5137B49D-4423-45FB-8ED5-F36F388C46AB}
		{95D363CC-041C-461F-A4FF-92BDB71E5C15} = {1C17F2B2-A596-4585-B241-B33B1092BC13}
		{FEAD2939-2CB8-49C3-B046-3F3F15DD17B0} = {5137B49D-4423-45FB-8ED5-F36F388C46AB}
		{2E3DF5C2-8A38-4A03-86D7-8D463C917E47} = {5137B49D-4423-45FB-8ED5-F36F388C46AB}
	EndGlobalSection
EndGlobal
